<?xml version="1.0" encoding="utf-8"?>
<Project ToolsVersion="4.0" xmlns="http://schemas.microsoft.com/developer/msbuild/2003">
  <ItemGroup>
    <Filter Include="Header Files">
      <UniqueIdentifier>{93995380-89BD-4b04-88EB-625FBE52EBFB}</UniqueIdentifier>
      <Extensions>h;hh;hpp;hxx;h++;hm;inl;inc;ipp;xsd</Extensions>
    </Filter>
    <Filter Include="Source Files">
      <UniqueIdentifier>{4FC737F1-C7A5-4376-A066-2A32D752A2FF}</UniqueIdentifier>
      <Extensions>cpp;c;cc;cxx;c++;cppm;ixx;def;odl;idl;hpj;bat;asm;asmx</Extensions>
    </Filter>
    <Filter Include="Resource Files">
      <UniqueIdentifier>{67DA6AB6-F800-4c08-8B7A-83BB121AAD01}</UniqueIdentifier>
      <Extensions>rc;ico;cur;bmp;dlg;rc2;rct;bin;rgs;gif;jpg;jpeg;jpe;resx;tiff;tif;png;wav;mfcribbon-ms</Extensions>
    </Filter>
    <Filter Include="Application">
      <UniqueIdentifier>{3e5ef61d-144d-4611-9a44-000f3c8ff647}</UniqueIdentifier>
    </Filter>
    <Filter Include="Object">
      <UniqueIdentifier>{18df019a-58ff-4313-98cc-55ef0c19992c}</UniqueIdentifier>
    </Filter>
    <Filter Include="World">
      <UniqueIdentifier>{b91d8580-9a65-44c2-be84-b723c4a01858}</UniqueIdentifier>
    </Filter>
    <Filter Include="Object\Light">
      <UniqueIdentifier>{23c4e8d4-35c7-4ea6-9018-a439026c241b}</UniqueIdentifier>
    </Filter>
    <Filter Include="Object\SkyBox">
      <UniqueIdentifier>{716308c1-4293-4856-bf1e-a58530687c52}</UniqueIdentifier>
    </Filter>
    <Filter Include="PhysicsSceneFillter">
      <UniqueIdentifier>{c85736a0-875e-466a-a4fc-15c1f8225cae}</UniqueIdentifier>
    </Filter>
    <Filter Include="Object\StaticObject">
      <UniqueIdentifier>{23283b30-2c80-4ee5-b209-386908918f23}</UniqueIdentifier>
    </Filter>
    <Filter Include="Object\StaticObject\MapData">
      <UniqueIdentifier>{06860741-d122-4ccb-b2f6-f6c41542ea4e}</UniqueIdentifier>
    </Filter>
    <Filter Include="Components">
      <UniqueIdentifier>{6002622e-1893-4355-8300-4951bd7c774d}</UniqueIdentifier>
    </Filter>
    <Filter Include="Object\Remote">
      <UniqueIdentifier>{15c433d8-3199-4e34-94a2-9266f2d84052}</UniqueIdentifier>
    </Filter>
    <Filter Include="Object\Remote\Live">
      <UniqueIdentifier>{35af8c96-5b91-4ff8-ad8b-ab9d53002993}</UniqueIdentifier>
    </Filter>
    <Filter Include="Object\Remote\Ray">
      <UniqueIdentifier>{6e80180e-9b88-490c-99b9-62be1be66f6b}</UniqueIdentifier>
    </Filter>
    <Filter Include="Object\Player">
      <UniqueIdentifier>{c6212cad-b30b-43b7-af01-bf46c550d968}</UniqueIdentifier>
    </Filter>
    <Filter Include="Object\Player\Live">
      <UniqueIdentifier>{23bbc462-2c98-4e15-9a65-b2a852c3430d}</UniqueIdentifier>
    </Filter>
    <Filter Include="Object\Player\Ray">
      <UniqueIdentifier>{bbb5e833-c6ee-427d-876b-dce243b96d31}</UniqueIdentifier>
    </Filter>
  </ItemGroup>
  <ItemGroup>
    <ClInclude Include="framework.h">
      <Filter>Header Files</Filter>
    </ClInclude>
    <ClInclude Include="targetver.h">
      <Filter>Header Files</Filter>
    </ClInclude>
    <ClInclude Include="Resource.h">
      <Filter>Header Files</Filter>
    </ClInclude>
    <ClInclude Include="pch.h">
      <Filter>Header Files</Filter>
    </ClInclude>
    <ClInclude Include="Application.h">
      <Filter>Application</Filter>
    </ClInclude>
    <ClInclude Include="Ray.h">
      <Filter>Object\Player\Ray</Filter>
    </ClInclude>
    <ClInclude Include="Terrain.h">
      <Filter>Object</Filter>
    </ClInclude>
    <ClInclude Include="TestWorld.h">
      <Filter>World</Filter>
    </ClInclude>
    <ClInclude Include="GlobalLight.h">
      <Filter>Object\Light</Filter>
    </ClInclude>
    <ClInclude Include="SkyBox.h">
      <Filter>Object\SkyBox</Filter>
    </ClInclude>
    <ClInclude Include="Obj_BG_Tree_1.h">
      <Filter>Object\StaticObject\MapData</Filter>
    </ClInclude>
    <ClInclude Include="SceneFillter.h">
      <Filter>PhysicsSceneFillter</Filter>
    </ClInclude>
    <ClInclude Include="StaticObject.h">
      <Filter>Object\StaticObject</Filter>
    </ClInclude>
    <ClInclude Include="Obj_BG_Tree_2.h">
      <Filter>Object\StaticObject\MapData</Filter>
    </ClInclude>
    <ClInclude Include="Obj_BG_Mountain.h">
      <Filter>Object\StaticObject\MapData</Filter>
    </ClInclude>
    <ClInclude Include="Obj_Props_Fence.h">
      <Filter>Object\StaticObject\MapData</Filter>
    </ClInclude>
    <ClInclude Include="Obj_Buildings_Shinave.h">
      <Filter>Object\StaticObject\MapData</Filter>
    </ClInclude>
    <ClInclude Include="Obj_Buildings_Bermiore_Atelier_1.h">
      <Filter>Object\StaticObject\MapData</Filter>
    </ClInclude>
    <ClInclude Include="Obj_Buildings_Bermiore_Atelier_2.h">
      <Filter>Object\StaticObject\MapData</Filter>
    </ClInclude>
    <ClInclude Include="Obj_Buildings_Bermiore_Atelier_3.h">
      <Filter>Object\StaticObject\MapData</Filter>
    </ClInclude>
    <ClInclude Include="Obj_Props_Bermiore_Loom_1.h">
      <Filter>Object\StaticObject\MapData</Filter>
    </ClInclude>
    <ClInclude Include="Obj_Props_Bermiore_Loom_2.h">
      <Filter>Object\StaticObject\MapData</Filter>
    </ClInclude>
    <ClInclude Include="Obj_Props_Bermiore_Cloth_1.h">
      <Filter>Object\StaticObject\MapData</Filter>
    </ClInclude>
    <ClInclude Include="MapData.h">
      <Filter>Object\StaticObject\MapData</Filter>
    </ClInclude>
    <ClInclude Include="Obj_Buildings_Hide_House_1.h">
      <Filter>Object\StaticObject\MapData</Filter>
    </ClInclude>
    <ClInclude Include="Obj_Buildings_Hide_House_3.h">
      <Filter>Object\StaticObject\MapData</Filter>
    </ClInclude>
    <ClInclude Include="Obj_Buildings_Hide_House_2.h">
      <Filter>Object\StaticObject\MapData</Filter>
    </ClInclude>
    <ClInclude Include="Obj_Buildings_Hide_House_4.h">
      <Filter>Object\StaticObject\MapData</Filter>
    </ClInclude>
    <ClInclude Include="Obj_Buildings_Ornoa_House_1.h">
      <Filter>Object\StaticObject\MapData</Filter>
    </ClInclude>
    <ClInclude Include="Obj_Buildings_Ornoa_House_2.h">
      <Filter>Object\StaticObject\MapData</Filter>
    </ClInclude>
    <ClInclude Include="Obj_Buildings_Ornoa_House_3.h">
      <Filter>Object\StaticObject\MapData</Filter>
    </ClInclude>
    <ClInclude Include="Obj_Buildings_Ornoa_House_4.h">
      <Filter>Object\StaticObject\MapData</Filter>
    </ClInclude>
    <ClInclude Include="Obj_Props_Bermiore_Cloth_2.h">
      <Filter>Object\StaticObject\MapData</Filter>
    </ClInclude>
    <ClInclude Include="Obj_Buildings_Sudium.h">
      <Filter>Object\StaticObject\MapData</Filter>
    </ClInclude>
    <ClInclude Include="RemoteMove.h">
      <Filter>Components</Filter>
    </ClInclude>
    <ClInclude Include="TriggerBox.h">
      <Filter>Components</Filter>
    </ClInclude>
    <ClInclude Include="Live.h">
      <Filter>Object\Player\Live</Filter>
    </ClInclude>
    <ClInclude Include="RemoteRay.h">
      <Filter>Object\Remote\Ray</Filter>
    </ClInclude>
    <ClInclude Include="Player.h">
      <Filter>Object\Player</Filter>
    </ClInclude>
    <ClInclude Include="Remote.h">
      <Filter>Object\Remote</Filter>
    </ClInclude>
  </ItemGroup>
  <ItemGroup>
    <ClCompile Include="main.cpp">
      <Filter>Source Files</Filter>
    </ClCompile>
    <ClCompile Include="pch.cpp">
      <Filter>Source Files</Filter>
    </ClCompile>
    <ClCompile Include="Application.cpp">
      <Filter>Application</Filter>
    </ClCompile>
    <ClCompile Include="Ray.cpp">
      <Filter>Object\Player\Ray</Filter>
    </ClCompile>
    <ClCompile Include="Terrain.cpp">
      <Filter>Object</Filter>
    </ClCompile>
    <ClCompile Include="TestWorld.cpp">
      <Filter>World</Filter>
    </ClCompile>
    <ClCompile Include="GlobalLight.cpp">
      <Filter>Object\Light</Filter>
    </ClCompile>
    <ClCompile Include="SkyBox.cpp">
      <Filter>Object\SkyBox</Filter>
    </ClCompile>
    <ClCompile Include="Obj_BG_Tree_1.cpp">
      <Filter>Object\StaticObject\MapData</Filter>
    </ClCompile>
    <ClCompile Include="StaticObject.cpp">
      <Filter>Object\StaticObject</Filter>
    </ClCompile>
    <ClCompile Include="Obj_BG_Tree_2.cpp">
      <Filter>Object\StaticObject\MapData</Filter>
    </ClCompile>
    <ClCompile Include="Obj_BG_Mountain.cpp">
      <Filter>Object\StaticObject\MapData</Filter>
    </ClCompile>
    <ClCompile Include="Obj_Props_Fence.cpp">
      <Filter>Object\StaticObject\MapData</Filter>
    </ClCompile>
    <ClCompile Include="Obj_Buildings_Shinave.cpp">
      <Filter>Object\StaticObject\MapData</Filter>
    </ClCompile>
    <ClCompile Include="Obj_Buildings_Bermiore_Atelier_1.cpp">
      <Filter>Object\StaticObject\MapData</Filter>
    </ClCompile>
    <ClCompile Include="Obj_Buildings_Bermiore_Atelier_2.cpp">
      <Filter>Object\StaticObject\MapData</Filter>
    </ClCompile>
    <ClCompile Include="Obj_Buildings_Bermiore_Atelier_3.cpp">
      <Filter>Object\StaticObject\MapData</Filter>
    </ClCompile>
    <ClCompile Include="Obj_Props_Bermiore_Loom_1.cpp">
      <Filter>Object\StaticObject\MapData</Filter>
    </ClCompile>
    <ClCompile Include="Obj_Props_Bermiore_Loom_2.cpp">
      <Filter>Object\StaticObject\MapData</Filter>
    </ClCompile>
    <ClCompile Include="Obj_Props_Bermiore_Cloth_1.cpp">
      <Filter>Object\StaticObject\MapData</Filter>
    </ClCompile>
    <ClCompile Include="Obj_Buildings_Hide_House_3.cpp">
      <Filter>Object\StaticObject\MapData</Filter>
    </ClCompile>
    <ClCompile Include="Obj_Buildings_Hide_House_2.cpp">
      <Filter>Object\StaticObject\MapData</Filter>
    </ClCompile>
    <ClCompile Include="Obj_Buildings_Hide_House_4.cpp">
      <Filter>Object\StaticObject\MapData</Filter>
    </ClCompile>
    <ClCompile Include="Obj_Buildings_Ornoa_House_1.cpp">
      <Filter>Object\StaticObject\MapData</Filter>
    </ClCompile>
    <ClCompile Include="Obj_Buildings_Ornoa_House_2.cpp">
      <Filter>Object\StaticObject\MapData</Filter>
    </ClCompile>
    <ClCompile Include="Obj_Buildings_Ornoa_House_3.cpp">
      <Filter>Object\StaticObject\MapData</Filter>
    </ClCompile>
    <ClCompile Include="Obj_Buildings_Ornoa_House_4.cpp">
      <Filter>Object\StaticObject\MapData</Filter>
    </ClCompile>
    <ClCompile Include="Obj_Props_Bermiore_Cloth_2.cpp">
      <Filter>Object\StaticObject\MapData</Filter>
    </ClCompile>
    <ClCompile Include="Obj_Buildings_Sudium.cpp">
      <Filter>Object\StaticObject\MapData</Filter>
    </ClCompile>
    <ClCompile Include="Obj_Buildings_Hide_House_1.cpp">
      <Filter>Object\StaticObject\MapData</Filter>
    </ClCompile>
    <ClCompile Include="RemoteMove.cpp">
      <Filter>Components</Filter>
    </ClCompile>
    <ClCompile Include="TriggerBox.cpp">
      <Filter>Components</Filter>
    </ClCompile>
    <ClCompile Include="Live.cpp">
      <Filter>Object\Player\Live</Filter>
    </ClCompile>
    <ClCompile Include="RemoteRay.cpp">
      <Filter>Object\Remote\Ray</Filter>
    </ClCompile>
    <ClCompile Include="Player.cpp">
      <Filter>Object\Player</Filter>
    </ClCompile>
    <ClCompile Include="Remote.cpp">
      <Filter>Object\Remote</Filter>
    </ClCompile>
  </ItemGroup>
  <ItemGroup>
    <ResourceCompile Include="Client.rc">
      <Filter>Resource Files</Filter>
    </ResourceCompile>
  </ItemGroup>
  <ItemGroup>
    <Image Include="small.ico">
      <Filter>Resource Files</Filter>
    </Image>
    <Image Include="Client.ico">
      <Filter>Resource Files</Filter>
    </Image>
  </ItemGroup>
</Project>