<?xml version="1.0" encoding="utf-8"?>
<Project ToolsVersion="4.0" xmlns="http://schemas.microsoft.com/developer/msbuild/2003">
  <ItemGroup>
    <Filter Include="Source Files">
      <UniqueIdentifier>{4FC737F1-C7A5-4376-A066-2A32D752A2FF}</UniqueIdentifier>
      <Extensions>cpp;c;cc;cxx;c++;cppm;ixx;def;odl;idl;hpj;bat;asm;asmx</Extensions>
    </Filter>
    <Filter Include="Header Files">
      <UniqueIdentifier>{93995380-89BD-4b04-88EB-625FBE52EBFB}</UniqueIdentifier>
      <Extensions>h;hh;hpp;hxx;h++;hm;inl;inc;ipp;xsd</Extensions>
    </Filter>
    <Filter Include="Resource Files">
      <UniqueIdentifier>{67DA6AB6-F800-4c08-8B7A-83BB121AAD01}</UniqueIdentifier>
      <Extensions>rc;ico;cur;bmp;dlg;rc2;rct;bin;rgs;gif;jpg;jpeg;jpe;resx;tiff;tif;png;wav;mfcribbon-ms</Extensions>
    </Filter>
    <Filter Include="Application">
      <UniqueIdentifier>{c855e523-3161-42c0-955c-50fbf3c360f0}</UniqueIdentifier>
    </Filter>
    <Filter Include="Utilities">
      <UniqueIdentifier>{13f161ca-4ca1-4384-b66b-40e9d61c1c33}</UniqueIdentifier>
    </Filter>
    <Filter Include="Utilities\ThrowIfFailed">
      <UniqueIdentifier>{63cc1b09-2710-400c-a588-91ce28759365}</UniqueIdentifier>
    </Filter>
    <Filter Include="Utilities\SafeRelease">
      <UniqueIdentifier>{96f21709-eb70-4c66-a1b3-5407a8d2c999}</UniqueIdentifier>
    </Filter>
    <Filter Include="Components">
      <UniqueIdentifier>{33eaf238-cd64-4fab-9f84-f1d33c3e4383}</UniqueIdentifier>
    </Filter>
    <Filter Include="Components\Camera">
      <UniqueIdentifier>{48d7ee23-6083-412f-b54e-c7f2ceebfcc7}</UniqueIdentifier>
    </Filter>
    <Filter Include="Components\Component">
      <UniqueIdentifier>{2879682f-2ca0-40c3-9f7b-22969bda13cd}</UniqueIdentifier>
    </Filter>
    <Filter Include="Utilities\SafeDelete">
      <UniqueIdentifier>{d421d934-68d8-4523-bb09-4bd505587523}</UniqueIdentifier>
    </Filter>
    <Filter Include="World">
      <UniqueIdentifier>{9e69749f-db37-43f2-be97-15387440c312}</UniqueIdentifier>
    </Filter>
    <Filter Include="Object">
      <UniqueIdentifier>{195b9425-0ddc-480f-b797-1ba33127b668}</UniqueIdentifier>
    </Filter>
    <Filter Include="Components\Movement">
      <UniqueIdentifier>{b8175831-f9c7-4a28-b81e-8ab48a576edf}</UniqueIdentifier>
    </Filter>
    <Filter Include="Math">
      <UniqueIdentifier>{f585c9c3-5d6f-4a89-ae17-7f026dc1fc71}</UniqueIdentifier>
    </Filter>
    <Filter Include="Math\Vector3">
      <UniqueIdentifier>{67aea730-d2e1-44c9-8263-3e8691b07b99}</UniqueIdentifier>
    </Filter>
    <Filter Include="Math\Vector2">
      <UniqueIdentifier>{38af7acd-3236-44f2-818d-0c80e5bb04fa}</UniqueIdentifier>
    </Filter>
    <Filter Include="Math\Point">
      <UniqueIdentifier>{b7196d43-bb85-4a82-91c7-8e29364ebacf}</UniqueIdentifier>
    </Filter>
    <Filter Include="Transform">
      <UniqueIdentifier>{205feb36-f3ef-4afd-b893-6e415b7dd2c2}</UniqueIdentifier>
    </Filter>
    <Filter Include="Math\Quaternion">
      <UniqueIdentifier>{a85fcc3e-d4a0-4648-b8ad-c6b51256e8df}</UniqueIdentifier>
    </Filter>
    <Filter Include="Modules">
      <UniqueIdentifier>{036d0d1d-49b5-4a86-83a1-cd50470ee9ee}</UniqueIdentifier>
    </Filter>
    <Filter Include="Modules\Interfaces">
      <UniqueIdentifier>{8fcf34d2-7723-4c4d-b44f-375e94eb543e}</UniqueIdentifier>
    </Filter>
    <Filter Include="Modules\Interfaces\Input">
      <UniqueIdentifier>{3b85251b-3e6b-4e61-b916-c5cafbf023f3}</UniqueIdentifier>
    </Filter>
    <Filter Include="Modules\Interfaces\Input\Manager">
      <UniqueIdentifier>{ed2c4218-632d-4d89-bc88-cba45459d845}</UniqueIdentifier>
    </Filter>
    <Filter Include="Modules\Interfaces\Input\Device">
      <UniqueIdentifier>{2c473296-5b7a-4255-a08d-270556924326}</UniqueIdentifier>
    </Filter>
    <Filter Include="Modules\Interfaces\Input\Device\Mouse">
      <UniqueIdentifier>{6f26a27e-1ef0-416f-ad9e-f00fd227a657}</UniqueIdentifier>
    </Filter>
    <Filter Include="Modules\Interfaces\Input\Device\Keyboard">
      <UniqueIdentifier>{14adb43c-7cc8-4318-9645-e2010df67ccd}</UniqueIdentifier>
    </Filter>
    <Filter Include="Modules\Interfaces\Input\Device\Controller">
      <UniqueIdentifier>{739ea4db-ad6d-4940-a75b-489a0f79ba9e}</UniqueIdentifier>
    </Filter>
    <Filter Include="Modules\Interfaces\Input\MappingContext">
      <UniqueIdentifier>{1d392dfa-c464-4743-b4bf-8bbb3fca3653}</UniqueIdentifier>
    </Filter>
    <Filter Include="Modules\Interfaces\Input\Action">
      <UniqueIdentifier>{88ef10c1-442c-4099-83ff-b20526c7c549}</UniqueIdentifier>
    </Filter>
    <Filter Include="Modules\Interfaces\Input\Modifiers">
      <UniqueIdentifier>{814f9779-bca4-40a9-b838-131b1dd98cf2}</UniqueIdentifier>
    </Filter>
    <Filter Include="Modules\Interfaces\Input\Modifiers\Negative">
      <UniqueIdentifier>{1caa9886-7f9c-46ff-a7ec-5a854e2fe680}</UniqueIdentifier>
    </Filter>
    <Filter Include="Modules\Interfaces\Input\Modifiers\SwizzleAxis">
      <UniqueIdentifier>{cd171d57-344f-4616-a09b-828a74402b66}</UniqueIdentifier>
    </Filter>
    <Filter Include="Modules\Interfaces\Input\Modifiers\Modifier">
      <UniqueIdentifier>{d74daebe-8430-42d0-baaa-8457afea5f9c}</UniqueIdentifier>
    </Filter>
    <Filter Include="Modules\Interfaces\Input\Triggers">
      <UniqueIdentifier>{aa8f9cbc-6a86-4412-a7a2-5608877d659f}</UniqueIdentifier>
    </Filter>
    <Filter Include="Modules\Interfaces\Input\Triggers\Down">
      <UniqueIdentifier>{cb4abfb9-4d60-4a40-a415-cfc7745ef9ab}</UniqueIdentifier>
    </Filter>
    <Filter Include="Modules\Interfaces\Input\Triggers\Trigger">
      <UniqueIdentifier>{13ec31c6-6c10-44fd-bf11-be2676e3d506}</UniqueIdentifier>
    </Filter>
    <Filter Include="Modules\Interfaces\Input\Value">
      <UniqueIdentifier>{8fa22aad-aad7-443b-9984-13b8bf16e54f}</UniqueIdentifier>
    </Filter>
    <Filter Include="Modules\Interfaces\Input\Components">
      <UniqueIdentifier>{ea3dc7a2-84ae-45ab-a117-1805ef269297}</UniqueIdentifier>
    </Filter>
    <Filter Include="Modules\Interfaces\Input\Components\Component">
      <UniqueIdentifier>{4753647c-d9be-4ec3-bebb-8ecc473eaaac}</UniqueIdentifier>
    </Filter>
    <Filter Include="Modules\Interfaces\Input\Components\ButtonComponent">
      <UniqueIdentifier>{133e77b2-6a7a-44d1-b986-c0939f990050}</UniqueIdentifier>
    </Filter>
    <Filter Include="Modules\Interfaces\Input\Components\AxisComponent">
      <UniqueIdentifier>{4e6dcd01-bbba-4003-826c-3e7833c306ad}</UniqueIdentifier>
    </Filter>
    <Filter Include="Modules\Interfaces\Time">
      <UniqueIdentifier>{23b3216b-d456-4e7b-9a2d-86f7314b4d28}</UniqueIdentifier>
    </Filter>
    <Filter Include="Modules\Interfaces\Time\Manager">
      <UniqueIdentifier>{c3396c02-52ad-4efe-82d8-1bc98f59b592}</UniqueIdentifier>
    </Filter>
    <Filter Include="Modules\Difinition">
      <UniqueIdentifier>{28a1c057-7a4a-410c-a92a-8087aa0f6759}</UniqueIdentifier>
    </Filter>
    <Filter Include="Modules\Difinition\DSHInput">
      <UniqueIdentifier>{7d0c8699-2252-4a3c-b640-bf7030e50252}</UniqueIdentifier>
    </Filter>
    <Filter Include="Modules\Difinition\DSHInput\Manager">
      <UniqueIdentifier>{687af270-3e5e-457b-aff4-56cb405c86e4}</UniqueIdentifier>
    </Filter>
    <Filter Include="Modules\Difinition\DSHInput\Device">
      <UniqueIdentifier>{3d9c8509-85b3-4269-8fd3-29324f4126f4}</UniqueIdentifier>
    </Filter>
    <Filter Include="Modules\Difinition\DSHInput\Device\Mouse">
      <UniqueIdentifier>{560016b8-64e8-4060-8bb5-11417c8c8dc9}</UniqueIdentifier>
    </Filter>
    <Filter Include="Modules\Difinition\DSHInput\Device\Keyboard">
      <UniqueIdentifier>{9972c59a-1d7c-4c00-9d04-474794e6d89f}</UniqueIdentifier>
    </Filter>
    <Filter Include="Modules\Difinition\DSHInput\Device\Controller">
      <UniqueIdentifier>{ac0b5feb-859e-4ea7-9b98-81602ef923af}</UniqueIdentifier>
    </Filter>
    <Filter Include="Modules\Difinition\DSHInput\MappingContext">
      <UniqueIdentifier>{51565dc8-035a-4670-b3ea-d6db994f59c1}</UniqueIdentifier>
    </Filter>
    <Filter Include="Modules\Difinition\DSHInput\Action">
      <UniqueIdentifier>{a42f79da-756b-446d-b6a1-4bd81181b270}</UniqueIdentifier>
    </Filter>
    <Filter Include="Modules\Difinition\DSHInput\Modifiers">
      <UniqueIdentifier>{55af80c0-ccad-4f86-b36e-4723418ae4b3}</UniqueIdentifier>
    </Filter>
    <Filter Include="Modules\Difinition\DSHInput\Modifiers\Negative">
      <UniqueIdentifier>{d469cbb8-11d4-483e-94c0-b04904d7f007}</UniqueIdentifier>
    </Filter>
    <Filter Include="Modules\Difinition\DSHInput\Modifiers\SwizzleAxis">
      <UniqueIdentifier>{a3db8306-6ec0-4141-a529-67d0fac614e7}</UniqueIdentifier>
    </Filter>
    <Filter Include="Modules\Difinition\DSHInput\Triggers">
      <UniqueIdentifier>{0dcdd01f-086f-4c9e-9f2d-a5283fb7f208}</UniqueIdentifier>
    </Filter>
    <Filter Include="Modules\Difinition\DSHInput\Triggers\Down">
      <UniqueIdentifier>{38314bfc-1d1f-483c-be5d-1ab96443b626}</UniqueIdentifier>
    </Filter>
    <Filter Include="Modules\Difinition\DSHInput\Components">
      <UniqueIdentifier>{cad155bd-f5e3-41bf-9f22-e1ca8c6a131c}</UniqueIdentifier>
    </Filter>
    <Filter Include="Modules\Difinition\DSHInput\Components\ButtonComponent">
      <UniqueIdentifier>{04fda055-7941-436d-892e-eef66b1f77f9}</UniqueIdentifier>
    </Filter>
    <Filter Include="Modules\Difinition\DSHInput\Components\AxisComponent">
      <UniqueIdentifier>{0aea0c03-ac22-4bf3-b795-5faddeba5153}</UniqueIdentifier>
    </Filter>
    <Filter Include="Modules\Difinition\DSHTime">
      <UniqueIdentifier>{18001345-e896-4662-bae6-5402a7bf8dc7}</UniqueIdentifier>
    </Filter>
    <Filter Include="Modules\Difinition\DSHTime\Manager">
      <UniqueIdentifier>{3d125ea3-097e-4d30-a5f4-11e94f720c54}</UniqueIdentifier>
    </Filter>
    <Filter Include="Modules\Interfaces\Graphics">
      <UniqueIdentifier>{75d08092-787e-44e5-9f67-c3442082cd99}</UniqueIdentifier>
    </Filter>
    <Filter Include="Modules\Interfaces\Graphics\Manager">
      <UniqueIdentifier>{bef60d29-be4b-46c2-b698-f0ff36b0e955}</UniqueIdentifier>
    </Filter>
    <Filter Include="Modules\Difinition\GE">
      <UniqueIdentifier>{1c22bcdb-2d98-4f72-9ba2-28b7255122cd}</UniqueIdentifier>
    </Filter>
    <Filter Include="Modules\Difinition\GE\Manager">
      <UniqueIdentifier>{5948df0a-7b9f-42ae-86f1-fbdeb2b4726e}</UniqueIdentifier>
    </Filter>
    <Filter Include="Modules\Interfaces\Graphics\Camera">
      <UniqueIdentifier>{74d8ba60-fc4e-4525-a9e6-4db51bba4415}</UniqueIdentifier>
    </Filter>
    <Filter Include="Modules\Difinition\GE\Camera">
      <UniqueIdentifier>{8fd3ffda-eb0e-4f9c-8c70-cffdce358395}</UniqueIdentifier>
    </Filter>
    <Filter Include="Modules\Interfaces\Window">
      <UniqueIdentifier>{c4f309b4-53fc-41f6-abed-727b80abd0e6}</UniqueIdentifier>
    </Filter>
    <Filter Include="Modules\Interfaces\Window\Manager">
      <UniqueIdentifier>{ff25d1ab-76c8-426e-855a-8c0c6e85fbcf}</UniqueIdentifier>
    </Filter>
    <Filter Include="Modules\Difinition\DSHWindow">
      <UniqueIdentifier>{a4a983a4-b96f-4db4-a2db-fc500ebfe4c1}</UniqueIdentifier>
    </Filter>
    <Filter Include="Modules\Difinition\DSHWindow\Manager">
      <UniqueIdentifier>{1103d276-8e0d-4261-a42d-ed00f581b3bf}</UniqueIdentifier>
    </Filter>
    <Filter Include="Components\Mesh">
      <UniqueIdentifier>{65736189-54c4-4d0e-85dc-304ceb5b68ae}</UniqueIdentifier>
    </Filter>
    <Filter Include="Components\Animator">
      <UniqueIdentifier>{370621ae-b155-42c3-8e23-a3bd6a6d2fd5}</UniqueIdentifier>
    </Filter>
    <Filter Include="Components\Light">
      <UniqueIdentifier>{334cd88b-40c4-4078-96f2-ee51408eb90c}</UniqueIdentifier>
    </Filter>
    <Filter Include="Math\EasingFunction">
      <UniqueIdentifier>{621911fa-b5b7-4b62-88c5-14740221bb4d}</UniqueIdentifier>
    </Filter>
    <Filter Include="Modules\Interfaces\Physics">
      <UniqueIdentifier>{5b868709-48db-4353-86c0-77039d234230}</UniqueIdentifier>
    </Filter>
    <Filter Include="Modules\Difinition\PhysicsEngine">
      <UniqueIdentifier>{f40f0b9d-9b13-46f7-bbcb-39476d238e5c}</UniqueIdentifier>
    </Filter>
    <Filter Include="Math\Vector4">
      <UniqueIdentifier>{79d5a801-384e-4b2b-8d93-dbdeedeb7f24}</UniqueIdentifier>
    </Filter>
    <Filter Include="Math\Matrix">
      <UniqueIdentifier>{63280bb6-83dd-4f40-8cc0-6086687df9b3}</UniqueIdentifier>
    </Filter>
    <Filter Include="Modules\Interfaces\Physics\00. Manager">
      <UniqueIdentifier>{d7375d06-09bd-45e8-85a7-73fab5ebb018}</UniqueIdentifier>
    </Filter>
    <Filter Include="Modules\Interfaces\Physics\01. Scene">
      <UniqueIdentifier>{5b1484ff-9f0f-44be-8f11-145c3ab39bdf}</UniqueIdentifier>
    </Filter>
    <Filter Include="Modules\Interfaces\Physics\02. Object">
      <UniqueIdentifier>{21957b80-503b-4ed4-b84c-cded2cdf4445}</UniqueIdentifier>
    </Filter>
    <Filter Include="Modules\Interfaces\Physics\03. Shape">
      <UniqueIdentifier>{421f1e90-bb95-436f-8a08-7179355a41b6}</UniqueIdentifier>
    </Filter>
    <Filter Include="Modules\Interfaces\Physics\04. Geometry">
      <UniqueIdentifier>{7e1ee656-3c45-4caa-9099-aae75fa1b98f}</UniqueIdentifier>
    </Filter>
    <Filter Include="Modules\Interfaces\Physics\05. Material">
      <UniqueIdentifier>{4745350e-6dd0-4b1f-a74a-791b887d8c15}</UniqueIdentifier>
    </Filter>
    <Filter Include="Modules\Interfaces\Physics\99. Utils">
      <UniqueIdentifier>{1cfb4ba7-cb86-44b8-b8fe-0b6a1c7c8a3b}</UniqueIdentifier>
    </Filter>
    <Filter Include="Modules\Difinition\PhysicsEngine\00. Manager">
      <UniqueIdentifier>{8540ef46-3413-4a41-8394-85db345430f8}</UniqueIdentifier>
    </Filter>
    <Filter Include="Modules\Difinition\PhysicsEngine\01. Scene">
      <UniqueIdentifier>{4715709a-7d06-4e1c-8e8e-d536ace5d633}</UniqueIdentifier>
    </Filter>
    <Filter Include="Modules\Difinition\PhysicsEngine\02. Object">
      <UniqueIdentifier>{47579cd0-94ba-4edf-a755-1ea990e6eab4}</UniqueIdentifier>
    </Filter>
    <Filter Include="Modules\Difinition\PhysicsEngine\02. Object\PHIStaticObject">
      <UniqueIdentifier>{c2fd2c30-1cbc-40ae-b6d5-98b3c9524ca6}</UniqueIdentifier>
    </Filter>
    <Filter Include="Modules\Difinition\PhysicsEngine\02. Object\PHIDynamicObject">
      <UniqueIdentifier>{d1775a28-bf47-49d1-87b1-bc13cc707957}</UniqueIdentifier>
    </Filter>
    <Filter Include="Modules\Difinition\PhysicsEngine\02. Object\PHIKinematicObject">
      <UniqueIdentifier>{cfdf6b0c-e796-4142-82f8-dedc1c3287d3}</UniqueIdentifier>
    </Filter>
    <Filter Include="Modules\Interfaces\Physics\06. Component">
      <UniqueIdentifier>{47f465ea-7e07-451d-a3d4-38ca494749f3}</UniqueIdentifier>
    </Filter>
    <Filter Include="Modules\Interfaces\Physics\06. Component\RigidComponent">
      <UniqueIdentifier>{97c2f33e-e045-4ad6-b580-5b52493bff90}</UniqueIdentifier>
    </Filter>
    <Filter Include="Modules\Interfaces\Physics\98. Collision">
      <UniqueIdentifier>{89ab88bf-37d1-4e78-be93-1471177d67e4}</UniqueIdentifier>
    </Filter>
    <Filter Include="Modules\Interfaces\Physics\00. Manager\PhysicsCreate">
      <UniqueIdentifier>{e3e9dc76-66ee-4a3e-8367-5a05eec77104}</UniqueIdentifier>
    </Filter>
    <Filter Include="Modules\Interfaces\Physics\00. Manager\PhysicsUpdate">
      <UniqueIdentifier>{b84b6e41-30dd-4ec6-a63c-b6f51c349c35}</UniqueIdentifier>
    </Filter>
    <Filter Include="Modules\Interfaces\Physics\00. Manager\PhysicsFactory">
      <UniqueIdentifier>{eb019dab-d527-4ba8-adef-83b734ec9423}</UniqueIdentifier>
    </Filter>
    <Filter Include="Modules\Interfaces\Physics\06. Component\RigidComponent\PhysicsRigidDynamicComponent">
      <UniqueIdentifier>{65af17d4-6aa6-47ae-926b-30d40e2ebb73}</UniqueIdentifier>
    </Filter>
    <Filter Include="Modules\Interfaces\Physics\06. Component\RigidComponent\PhysicsRigidSKinematicComponent">
      <UniqueIdentifier>{261d270f-d6c5-4624-b183-888b64e1bcb0}</UniqueIdentifier>
    </Filter>
    <Filter Include="Modules\Interfaces\Physics\06. Component\RigidComponent\PhysicsRigidStaticComponent">
      <UniqueIdentifier>{6bd833f9-b2b3-43d4-8a27-7db96a96dc5e}</UniqueIdentifier>
    </Filter>
    <Filter Include="Modules\Difinition\PhysicsEngine\03. Component">
      <UniqueIdentifier>{1a09dd96-b383-4dbd-9bf2-9d5d13e0c55d}</UniqueIdentifier>
    </Filter>
    <Filter Include="Components\RigidComponent">
      <UniqueIdentifier>{976cd7bb-25bd-4648-8c9f-f79de4c2b0c7}</UniqueIdentifier>
    </Filter>
    <Filter Include="Modules\Interfaces\Network">
      <UniqueIdentifier>{1870eafb-0981-477f-97b0-99f9edb92162}</UniqueIdentifier>
    </Filter>
    <Filter Include="Modules\Interfaces\Network\Manager">
      <UniqueIdentifier>{3a5b575c-030a-4807-b939-eb652542c1b7}</UniqueIdentifier>
    </Filter>
    <Filter Include="Modules\Interfaces\Network\Terminal">
      <UniqueIdentifier>{dbae0954-afe9-43c2-9188-c134e36446bd}</UniqueIdentifier>
    </Filter>
    <Filter Include="Modules\Interfaces\Network\PacketFIlter">
      <UniqueIdentifier>{24705df8-2c46-42e7-bee2-2c8f0a7883c5}</UniqueIdentifier>
    </Filter>
    <Filter Include="Components\Synchronize">
      <UniqueIdentifier>{92181e74-b441-49e9-9287-8a5e42a6ddfd}</UniqueIdentifier>
    </Filter>
    <Filter Include="Modules\Difinition\Network">
      <UniqueIdentifier>{185d6b85-2f86-4769-a6c0-d92fc354793d}</UniqueIdentifier>
    </Filter>
    <Filter Include="Modules\Difinition\Network\Manager">
      <UniqueIdentifier>{224faf69-ea50-467d-a399-9529535723bb}</UniqueIdentifier>
    </Filter>
    <Filter Include="Modules\Difinition\Network\ProtoBuffer">
      <UniqueIdentifier>{c7a1fc91-5493-4261-bbfb-b105f1a7c659}</UniqueIdentifier>
    </Filter>
    <Filter Include="Components\RigidComponent\RigidStaticComponent">
      <UniqueIdentifier>{277940a1-80d3-45fb-aa00-c04c3c2e54cc}</UniqueIdentifier>
    </Filter>
    <Filter Include="Components\RigidComponent\RigidDynamicComponent">
      <UniqueIdentifier>{3fa7a2d6-17e9-4722-8303-276e3960edb0}</UniqueIdentifier>
    </Filter>
    <Filter Include="Components\RigidComponent\RigidKinematicComponent">
      <UniqueIdentifier>{9395e9fa-d972-472b-9454-204651077c93}</UniqueIdentifier>
    </Filter>
    <Filter Include="Modules\Difinition\PhysicsEngine\04. Collision">
      <UniqueIdentifier>{59f80416-22d6-4bb1-a41b-a73186979455}</UniqueIdentifier>
    </Filter>
    <Filter Include="Modules\Difinition\PhysicsEngine\03. Component\PHIRigidComponent">
      <UniqueIdentifier>{2d94887d-b763-4805-951b-7718d1f441e1}</UniqueIdentifier>
    </Filter>
    <Filter Include="Modules\Difinition\PhysicsEngine\03. Component\PHIRigidComponent\PHIRigidStaticComponent">
      <UniqueIdentifier>{493683e1-fb59-431a-a33a-68632fca2e09}</UniqueIdentifier>
    </Filter>
    <Filter Include="Modules\Difinition\PhysicsEngine\03. Component\PHIRigidComponent\PHIRigidDynamicComponent">
      <UniqueIdentifier>{5676c0cc-7bf0-4a2d-9002-a02abc316b58}</UniqueIdentifier>
    </Filter>
    <Filter Include="Modules\Difinition\PhysicsEngine\03. Component\PHIRigidComponent\PHIRigidKinematicComponent">
      <UniqueIdentifier>{52c9be27-1226-40c9-855d-6648adbcbb47}</UniqueIdentifier>
    </Filter>
    <Filter Include="Math\Size">
      <UniqueIdentifier>{9bf72f7e-898f-4994-8f41-ee04332dd5c2}</UniqueIdentifier>
    </Filter>
    <Filter Include="Modules\Interfaces\Load">
      <UniqueIdentifier>{257337ba-2371-418b-bc4b-f9d961a2f1c0}</UniqueIdentifier>
    </Filter>
    <Filter Include="Modules\Interfaces\Load\Manager">
      <UniqueIdentifier>{90eb4cc0-c801-4e9f-ad51-1c9679a8f4b3}</UniqueIdentifier>
    </Filter>
    <Filter Include="Modules\Difinition\DSHLoad">
      <UniqueIdentifier>{d933e9f9-bba1-416e-8e03-0d0a62633d7e}</UniqueIdentifier>
    </Filter>
    <Filter Include="Modules\Difinition\DSHLoad\Manager">
      <UniqueIdentifier>{534f1a42-69dd-4dfd-8e59-3282919a4319}</UniqueIdentifier>
    </Filter>
    <Filter Include="Modules\Interfaces\Load\ConfigData">
      <UniqueIdentifier>{f74c565d-123a-4109-a6ed-626bb5cef0d8}</UniqueIdentifier>
    </Filter>
    <Filter Include="Modules\Interfaces\Load\ConfigData\ConfigData">
      <UniqueIdentifier>{5b6ba07e-4e73-42ea-8e96-bb15fe3d7345}</UniqueIdentifier>
    </Filter>
    <Filter Include="Modules\Interfaces\Content">
      <UniqueIdentifier>{54b49015-980b-41b9-862a-607cecabed97}</UniqueIdentifier>
    </Filter>
    <Filter Include="Modules\Interfaces\Content\Manager">
      <UniqueIdentifier>{95adcba6-eb5c-4ff6-90b3-296c2687bbb3}</UniqueIdentifier>
    </Filter>
    <Filter Include="Modules\Difinition\DSHContent">
      <UniqueIdentifier>{3dd284cd-d16b-4890-a057-23f807fd66f6}</UniqueIdentifier>
    </Filter>
    <Filter Include="Modules\Difinition\DSHContent\Manager">
      <UniqueIdentifier>{2f2f98e3-fc95-44e9-ab1f-85adc155f3c8}</UniqueIdentifier>
    </Filter>
    <Filter Include="Utilities\SafeFinalize">
      <UniqueIdentifier>{9e58cd4e-35b4-47c0-90f3-51c8f7b003d8}</UniqueIdentifier>
    </Filter>
    <Filter Include="Modules\Interfaces\Content\Factories">
      <UniqueIdentifier>{4b6022f6-b7ee-432d-b41f-62462ac614c9}</UniqueIdentifier>
    </Filter>
    <Filter Include="Modules\Interfaces\Content\Factories\Content">
      <UniqueIdentifier>{941f4ec6-f871-4b39-aa64-e9d509d65b65}</UniqueIdentifier>
    </Filter>
    <Filter Include="Modules\Interfaces\Content\Factories\WorldFactory">
      <UniqueIdentifier>{3fbb5265-560c-45b3-a905-ca2a98c9e63a}</UniqueIdentifier>
    </Filter>
    <Filter Include="Modules\Interfaces\Content\Factories\ObjectFactory">
      <UniqueIdentifier>{ec8b69f6-9c23-4b7b-bd07-85aac9abe8d5}</UniqueIdentifier>
    </Filter>
    <Filter Include="Modules\Interfaces\Content\Factories\ComponentFactory">
      <UniqueIdentifier>{49f4dd88-1368-4002-83d1-9f6aab228935}</UniqueIdentifier>
    </Filter>
    <Filter Include="Object\Example">
      <UniqueIdentifier>{5cf6fbed-e698-4044-ad1a-22d26695275c}</UniqueIdentifier>
    </Filter>
    <Filter Include="Components\FiniteStateMachine">
      <UniqueIdentifier>{30bc3f08-3f30-46b5-985a-2465b38ff14f}</UniqueIdentifier>
    </Filter>
    <Filter Include="Modules\Interfaces\Physics\07. Controller">
      <UniqueIdentifier>{ce39da12-e12a-43ae-90af-dbf005b70f2b}</UniqueIdentifier>
    </Filter>
    <Filter Include="Modules\Difinition\PhysicsEngine\05. Controller">
      <UniqueIdentifier>{22014c1d-08dd-40f6-a491-6c927e35f6c5}</UniqueIdentifier>
    </Filter>
    <Filter Include="Components\ChractorController">
      <UniqueIdentifier>{849a9523-2967-4398-97f8-24e524fb9589}</UniqueIdentifier>
    </Filter>
    <Filter Include="Modules\Difinition\PhysicsEngine\99. Utils">
      <UniqueIdentifier>{fd9e0dec-2f52-44d8-9ead-74ee2af70858}</UniqueIdentifier>
    </Filter>
    <Filter Include="Modules\Interfaces\Logger">
      <UniqueIdentifier>{27946cdb-60ed-414a-8021-54d09433e05f}</UniqueIdentifier>
    </Filter>
    <Filter Include="Modules\Difinition\DSHLogger">
      <UniqueIdentifier>{961ca569-cca8-4ce1-b76b-41744a6792b0}</UniqueIdentifier>
    </Filter>
    <Filter Include="Modules\Interfaces\Logger\Manager">
      <UniqueIdentifier>{8c807898-03fa-477d-af31-2b84f7a00a0d}</UniqueIdentifier>
    </Filter>
    <Filter Include="Modules\Difinition\DSHLogger\Manager">
      <UniqueIdentifier>{70532f95-c7cc-44b9-876b-add128ee20e2}</UniqueIdentifier>
    </Filter>
    <Filter Include="Modules\Interfaces\Logger\LogLevel">
      <UniqueIdentifier>{5181113f-bc64-4df3-9907-5c566ff30abb}</UniqueIdentifier>
    </Filter>
    <Filter Include="Components\FixedArm">
      <UniqueIdentifier>{b744d9ce-45b5-4f42-912c-bdfafc0cfe21}</UniqueIdentifier>
    </Filter>
    <Filter Include="Components\BitFlag">
      <UniqueIdentifier>{a9b1ab56-ebfb-4e46-85be-a8f1bcd6eb80}</UniqueIdentifier>
    </Filter>
    <Filter Include="Modules\Interfaces\GameState">
      <UniqueIdentifier>{6ee73fe3-2c2a-4643-8975-62baa9b26890}</UniqueIdentifier>
    </Filter>
    <Filter Include="Modules\Interfaces\GameState\Manager">
      <UniqueIdentifier>{5ea5fac9-05a6-44db-8809-1bea88f94b5e}</UniqueIdentifier>
    </Filter>
    <Filter Include="Modules\Difinition\UGameState">
      <UniqueIdentifier>{191b2924-0ab4-405d-9719-258a07a46b61}</UniqueIdentifier>
    </Filter>
    <Filter Include="Modules\Difinition\UGameState\Manager">
      <UniqueIdentifier>{a9f5fa70-42c6-4e6b-be88-ab102f1fcca9}</UniqueIdentifier>
    </Filter>
    <Filter Include="Components\Sound">
      <UniqueIdentifier>{d461dda8-632b-4a7f-9339-3442feb3cffc}</UniqueIdentifier>
    </Filter>
    <Filter Include="Modules\Interfaces\Audio">
      <UniqueIdentifier>{d0714025-420c-46c0-81f6-ceb5ccfcd124}</UniqueIdentifier>
    </Filter>
    <Filter Include="Modules\Interfaces\Audio\Manager">
      <UniqueIdentifier>{70faaeb0-76f0-43e6-9ff7-e3c474439c42}</UniqueIdentifier>
    </Filter>
    <Filter Include="Modules\Difinition\DSHAudio">
      <UniqueIdentifier>{52684347-6f0f-4857-8942-c911d0934cf7}</UniqueIdentifier>
    </Filter>
    <Filter Include="Modules\Difinition\DSHAudio\Manager">
      <UniqueIdentifier>{9c85753d-dc8c-4d81-8b8a-baf375c1f48c}</UniqueIdentifier>
    </Filter>
    <Filter Include="Components\Sound\BackgroundMusicComponent">
      <UniqueIdentifier>{08dbed0e-0aea-42c1-9223-c2e0b53e66db}</UniqueIdentifier>
    </Filter>
    <Filter Include="Components\Sound\EffectSound">
      <UniqueIdentifier>{6db13457-43cc-4d57-9121-438e08d87622}</UniqueIdentifier>
    </Filter>
    <Filter Include="Components\Sound\Effect3DSound">
      <UniqueIdentifier>{8baed855-943d-42b4-9876-52e45c5e7e02}</UniqueIdentifier>
    </Filter>
    <Filter Include="Components\Listener">
      <UniqueIdentifier>{df805026-f75d-45bc-82e8-17beecbf57d0}</UniqueIdentifier>
    </Filter>
    <Filter Include="Canvas">
      <UniqueIdentifier>{653f6cf6-8fde-4fc6-a2f3-24b5eea52724}</UniqueIdentifier>
    </Filter>
    <Filter Include="UserInterfaces">
      <UniqueIdentifier>{8a53e9dc-495f-411e-a886-07b79ed98e39}</UniqueIdentifier>
    </Filter>
    <Filter Include="UserInterfaces\UserInterface">
      <UniqueIdentifier>{4d10b784-23f8-4142-a9da-fa8142589a32}</UniqueIdentifier>
    </Filter>
    <Filter Include="Math\Rect">
      <UniqueIdentifier>{dfbb4a8d-7868-4d01-9d0b-70bb733195fd}</UniqueIdentifier>
    </Filter>
    <Filter Include="Math\LTRB">
      <UniqueIdentifier>{4e956724-037d-4d5d-ab57-544450745b48}</UniqueIdentifier>
    </Filter>
    <Filter Include="UserInterfaces\Panels">
      <UniqueIdentifier>{e71cef2c-7438-47a5-b41b-493f937c6e76}</UniqueIdentifier>
    </Filter>
    <Filter Include="UserInterfaces\Panels\Anchor">
      <UniqueIdentifier>{fe11b073-8c10-49c7-abdc-aa84c4f256a6}</UniqueIdentifier>
    </Filter>
    <Filter Include="UserInterfaces\Wrappers">
      <UniqueIdentifier>{7934c75b-dce8-409b-bc3e-051ca7dbd4d0}</UniqueIdentifier>
    </Filter>
    <Filter Include="UserInterfaces\Wrappers\Button">
      <UniqueIdentifier>{10285e38-c5a5-416d-89fe-761417ae048a}</UniqueIdentifier>
    </Filter>
    <Filter Include="UserInterfaces\Wrappers\Wrapper">
      <UniqueIdentifier>{a09aed04-5622-4ed9-83b9-021ea389c75f}</UniqueIdentifier>
    </Filter>
    <Filter Include="UserInterfaces\Wrappers\Image">
      <UniqueIdentifier>{d69b3814-9edd-4949-a519-b5149db09277}</UniqueIdentifier>
    </Filter>
    <Filter Include="UserInterfaces\Elements">
      <UniqueIdentifier>{838a5ccd-23c9-42bc-8b7b-2f3a4e6ad26c}</UniqueIdentifier>
    </Filter>
    <Filter Include="UserInterfaces\Elements\Text">
      <UniqueIdentifier>{0215ed10-0cc5-43bb-a382-26b596df08d9}</UniqueIdentifier>
    </Filter>
    <Filter Include="Components\Text">
      <UniqueIdentifier>{922e5f29-c1a8-42da-aadd-1b65620c25ff}</UniqueIdentifier>
    </Filter>
    <Filter Include="Components\Sprite">
      <UniqueIdentifier>{8a626a3c-9442-4b0d-b783-1c6c0988859e}</UniqueIdentifier>
    </Filter>
    <Filter Include="Object\CameraRail">
      <UniqueIdentifier>{a95f88e6-af49-42f3-8695-1ec12b734902}</UniqueIdentifier>
    </Filter>
    <Filter Include="Components\LineWave">
      <UniqueIdentifier>{d40712da-0a65-47bd-9ab1-07f6cbe62826}</UniqueIdentifier>
    </Filter>
    <Filter Include="UserInterfaces\Panels\Overlay">
      <UniqueIdentifier>{ed005572-5304-4feb-a240-666f3d6e633d}</UniqueIdentifier>
    </Filter>
  </ItemGroup>
  <ItemGroup>
    <ClInclude Include="framework.h">
      <Filter>Header Files</Filter>
    </ClInclude>
    <ClInclude Include="pch.h">
      <Filter>Header Files</Filter>
    </ClInclude>
    <ClInclude Include="Application.h">
      <Filter>Application</Filter>
    </ClInclude>
    <ClInclude Include="Utilities.h">
      <Filter>Utilities</Filter>
    </ClInclude>
    <ClInclude Include="ThrowIfFailed.h">
      <Filter>Utilities\ThrowIfFailed</Filter>
    </ClInclude>
    <ClInclude Include="SafeRelease.h">
      <Filter>Utilities\SafeRelease</Filter>
    </ClInclude>
    <ClInclude Include="Components.h">
      <Filter>Components</Filter>
    </ClInclude>
    <ClInclude Include="Requires.h">
      <Filter>Header Files</Filter>
    </ClInclude>
    <ClInclude Include="Camera.h">
      <Filter>Components\Camera</Filter>
    </ClInclude>
    <ClInclude Include="targetver.h">
      <Filter>Header Files</Filter>
    </ClInclude>
    <ClInclude Include="Engine.h">
      <Filter>Header Files</Filter>
    </ClInclude>
    <ClInclude Include="Component.h">
      <Filter>Components\Component</Filter>
    </ClInclude>
    <ClInclude Include="SafeDelete.h">
      <Filter>Utilities\SafeDelete</Filter>
    </ClInclude>
    <ClInclude Include="World.h">
      <Filter>World</Filter>
    </ClInclude>
    <ClInclude Include="Object.h">
      <Filter>Object</Filter>
    </ClInclude>
    <ClInclude Include="Movement.h">
      <Filter>Components\Movement</Filter>
    </ClInclude>
    <ClInclude Include="Math.h">
      <Filter>Math</Filter>
    </ClInclude>
    <ClInclude Include="Vector3.h">
      <Filter>Math\Vector3</Filter>
    </ClInclude>
    <ClInclude Include="InputManager.h">
      <Filter>Modules\Interfaces\Input\Manager</Filter>
    </ClInclude>
    <ClInclude Include="DSHInputManager.h">
      <Filter>Modules\Difinition\DSHInput\Manager</Filter>
    </ClInclude>
    <ClInclude Include="Mouse.h">
      <Filter>Modules\Interfaces\Input\Device\Mouse</Filter>
    </ClInclude>
    <ClInclude Include="Keyboard.h">
      <Filter>Modules\Interfaces\Input\Device\Keyboard</Filter>
    </ClInclude>
    <ClInclude Include="Controller.h">
      <Filter>Modules\Interfaces\Input\Device\Controller</Filter>
    </ClInclude>
    <ClInclude Include="Vector2.h">
      <Filter>Math\Vector2</Filter>
    </ClInclude>
    <ClInclude Include="Point.h">
      <Filter>Math\Point</Filter>
    </ClInclude>
    <ClInclude Include="DSHMouse.h">
      <Filter>Modules\Difinition\DSHInput\Device\Mouse</Filter>
    </ClInclude>
    <ClInclude Include="Input.h">
      <Filter>Modules\Interfaces\Input</Filter>
    </ClInclude>
    <ClInclude Include="MappingContext.h">
      <Filter>Modules\Interfaces\Input\MappingContext</Filter>
    </ClInclude>
    <ClInclude Include="DSHMappingContext.h">
      <Filter>Modules\Difinition\DSHInput\MappingContext</Filter>
    </ClInclude>
    <ClInclude Include="Action.h">
      <Filter>Modules\Interfaces\Input\Action</Filter>
    </ClInclude>
    <ClInclude Include="DSHAction.h">
      <Filter>Modules\Difinition\DSHInput\Action</Filter>
    </ClInclude>
    <ClInclude Include="DSHKeyboard.h">
      <Filter>Modules\Difinition\DSHInput\Device\Keyboard</Filter>
    </ClInclude>
    <ClInclude Include="DSHController.h">
      <Filter>Modules\Difinition\DSHInput\Device\Controller</Filter>
    </ClInclude>
    <ClInclude Include="Negative.h">
      <Filter>Modules\Interfaces\Input\Modifiers\Negative</Filter>
    </ClInclude>
    <ClInclude Include="SwizzleAxis.h">
      <Filter>Modules\Interfaces\Input\Modifiers\SwizzleAxis</Filter>
    </ClInclude>
    <ClInclude Include="DSHNegative.h">
      <Filter>Modules\Difinition\DSHInput\Modifiers\Negative</Filter>
    </ClInclude>
    <ClInclude Include="DSHSwizzleAxis.h">
      <Filter>Modules\Difinition\DSHInput\Modifiers\SwizzleAxis</Filter>
    </ClInclude>
    <ClInclude Include="ITrigger.h">
      <Filter>Modules\Interfaces\Input\Triggers\Trigger</Filter>
    </ClInclude>
    <ClInclude Include="Modifier.h">
      <Filter>Modules\Interfaces\Input\Modifiers\Modifier</Filter>
    </ClInclude>
    <ClInclude Include="Value.h">
      <Filter>Modules\Interfaces\Input\Value</Filter>
    </ClInclude>
    <ClInclude Include="Down.h">
      <Filter>Modules\Interfaces\Input\Triggers\Down</Filter>
    </ClInclude>
    <ClInclude Include="DSHDown.h">
      <Filter>Modules\Difinition\DSHInput\Triggers\Down</Filter>
    </ClInclude>
    <ClInclude Include="InputComponent.h">
      <Filter>Modules\Interfaces\Input\Components\Component</Filter>
    </ClInclude>
    <ClInclude Include="InputButtonComponent.h">
      <Filter>Modules\Interfaces\Input\Components\ButtonComponent</Filter>
    </ClInclude>
    <ClInclude Include="InputAxisComponent.h">
      <Filter>Modules\Interfaces\Input\Components\AxisComponent</Filter>
    </ClInclude>
    <ClInclude Include="DSHInputButtonComponent.h">
      <Filter>Modules\Difinition\DSHInput\Components\ButtonComponent</Filter>
    </ClInclude>
    <ClInclude Include="DSHInputAxisComponent.h">
      <Filter>Modules\Difinition\DSHInput\Components\AxisComponent</Filter>
    </ClInclude>
    <ClInclude Include="Transform.h">
      <Filter>Transform</Filter>
    </ClInclude>
    <ClInclude Include="Quaternion.h">
      <Filter>Math\Quaternion</Filter>
    </ClInclude>
    <ClInclude Include="Time.h">
      <Filter>Modules\Interfaces\Time</Filter>
    </ClInclude>
    <ClInclude Include="TimeManager.h">
      <Filter>Modules\Interfaces\Time\Manager</Filter>
    </ClInclude>
    <ClInclude Include="DSHTimeManager.h">
      <Filter>Modules\Difinition\DSHTime\Manager</Filter>
    </ClInclude>
    <ClInclude Include="Modules.h">
      <Filter>Modules</Filter>
    </ClInclude>
    <ClInclude Include="Graphics.h">
      <Filter>Modules\Interfaces\Graphics</Filter>
    </ClInclude>
    <ClInclude Include="GraphicsManager.h">
      <Filter>Modules\Interfaces\Graphics\Manager</Filter>
    </ClInclude>
    <ClInclude Include="GEGraphicsManager.h">
      <Filter>Modules\Difinition\GE\Manager</Filter>
    </ClInclude>
    <ClInclude Include="GraphicsCamera.h">
      <Filter>Modules\Interfaces\Graphics\Camera</Filter>
    </ClInclude>
    <ClInclude Include="GEGraphicsCamera.h">
      <Filter>Modules\Difinition\GE\Camera</Filter>
    </ClInclude>
    <ClInclude Include="Window.h">
      <Filter>Modules\Interfaces\Window</Filter>
    </ClInclude>
    <ClInclude Include="WindowManager.h">
      <Filter>Modules\Interfaces\Window\Manager</Filter>
    </ClInclude>
    <ClInclude Include="DSHWindowManager.h">
      <Filter>Modules\Difinition\DSHWindow\Manager</Filter>
    </ClInclude>
    <ClInclude Include="Mesh.h">
      <Filter>Components\Mesh</Filter>
    </ClInclude>
    <ClInclude Include="SkeletalMesh.h">
      <Filter>Components\Mesh</Filter>
    </ClInclude>
    <ClInclude Include="StaticMesh.h">
      <Filter>Components\Mesh</Filter>
    </ClInclude>
    <ClInclude Include="Animator.h">
      <Filter>Components\Animator</Filter>
    </ClInclude>
    <ClInclude Include="Light.h">
      <Filter>Components\Light</Filter>
    </ClInclude>
    <ClInclude Include="GraphicsComponent.h">
      <Filter>Components\Component</Filter>
    </ClInclude>
    <ClInclude Include="EasingFunction.h">
      <Filter>Math\EasingFunction</Filter>
    </ClInclude>
    <ClInclude Include="DotTween.h">
      <Filter>Math\EasingFunction</Filter>
    </ClInclude>
    <ClInclude Include="Physics.h">
      <Filter>Modules\Interfaces\Physics</Filter>
    </ClInclude>
    <ClInclude Include="PhysicsManager.h">
      <Filter>Modules\Interfaces\Physics\00. Manager</Filter>
    </ClInclude>
    <ClInclude Include="PHIManager.h">
      <Filter>Modules\Difinition\PhysicsEngine\00. Manager</Filter>
    </ClInclude>
    <ClInclude Include="PhysicsScene.h">
      <Filter>Modules\Interfaces\Physics\01. Scene</Filter>
    </ClInclude>
    <ClInclude Include="PHIScene.h">
      <Filter>Modules\Difinition\PhysicsEngine\01. Scene</Filter>
    </ClInclude>
    <ClInclude Include="PhysicsObject.h">
      <Filter>Modules\Interfaces\Physics\02. Object</Filter>
    </ClInclude>
    <ClInclude Include="PHIObject.h">
      <Filter>Modules\Difinition\PhysicsEngine\02. Object</Filter>
    </ClInclude>
    <ClInclude Include="PhysicsComponent.h">
      <Filter>Modules\Interfaces\Physics\06. Component</Filter>
    </ClInclude>
    <ClInclude Include="PHIRigidComponent.h">
      <Filter>Modules\Difinition\PhysicsEngine\03. Component\PHIRigidComponent</Filter>
    </ClInclude>
    <ClInclude Include="Vector4.h">
      <Filter>Math\Vector4</Filter>
    </ClInclude>
    <ClInclude Include="PHIKinematicObject.h">
      <Filter>Modules\Difinition\PhysicsEngine\02. Object\PHIKinematicObject</Filter>
    </ClInclude>
    <ClInclude Include="PHIDynamicObject.h">
      <Filter>Modules\Difinition\PhysicsEngine\02. Object\PHIDynamicObject</Filter>
    </ClInclude>
    <ClInclude Include="PHIStaticObject.h">
      <Filter>Modules\Difinition\PhysicsEngine\02. Object\PHIStaticObject</Filter>
    </ClInclude>
    <ClInclude Include="PhysicsUtils.h">
      <Filter>Modules\Interfaces\Physics\99. Utils</Filter>
    </ClInclude>
    <ClInclude Include="PhysicsRigidComponent.h">
      <Filter>Modules\Interfaces\Physics\06. Component\RigidComponent</Filter>
    </ClInclude>
    <ClInclude Include="PhysicsShape.h">
      <Filter>Modules\Interfaces\Physics\03. Shape</Filter>
    </ClInclude>
    <ClInclude Include="Matrix.h">
      <Filter>Math\Matrix</Filter>
    </ClInclude>
    <ClInclude Include="PhysicsGeometry.h">
      <Filter>Modules\Interfaces\Physics\04. Geometry</Filter>
    </ClInclude>
    <ClInclude Include="PhysicsMaterial.h">
      <Filter>Modules\Interfaces\Physics\05. Material</Filter>
    </ClInclude>
    <ClInclude Include="Components.h">
      <Filter>Components</Filter>
    </ClInclude>
    <ClInclude Include="PhysicsCollision.h">
      <Filter>Modules\Interfaces\Physics\98. Collision</Filter>
    </ClInclude>
    <ClInclude Include="Text.h">
      <Filter>Components\Text</Filter>
    </ClInclude>
    <ClInclude Include="PhysicsFactory.h">
      <Filter>Modules\Interfaces\Physics\00. Manager\PhysicsFactory</Filter>
    </ClInclude>
    <ClInclude Include="PhysicsUpdate.h">
      <Filter>Modules\Interfaces\Physics\00. Manager\PhysicsUpdate</Filter>
    </ClInclude>
    <ClInclude Include="PhysicsCreate.h">
      <Filter>Modules\Interfaces\Physics\00. Manager\PhysicsCreate</Filter>
    </ClInclude>
    <ClInclude Include="PhysicsRigidStaticComponent.h">
      <Filter>Modules\Interfaces\Physics\06. Component\RigidComponent\PhysicsRigidStaticComponent</Filter>
    </ClInclude>
    <ClInclude Include="PhysicsRigidDynamicComponent.h">
      <Filter>Modules\Interfaces\Physics\06. Component\RigidComponent\PhysicsRigidDynamicComponent</Filter>
    </ClInclude>
    <ClInclude Include="PhysicsRigidKinematicComponent.h">
      <Filter>Modules\Interfaces\Physics\06. Component\RigidComponent\PhysicsRigidSKinematicComponent</Filter>
    </ClInclude>
    <ClInclude Include="PHIRigidStaticComponent.h">
      <Filter>Modules\Difinition\PhysicsEngine\03. Component\PHIRigidComponent\PHIRigidStaticComponent</Filter>
    </ClInclude>
    <ClInclude Include="PHIRigidKinematicComponent.h">
      <Filter>Modules\Difinition\PhysicsEngine\03. Component\PHIRigidComponent\PHIRigidKinematicComponent</Filter>
    </ClInclude>
    <ClInclude Include="PHIRigidDynamicComponent.h">
      <Filter>Modules\Difinition\PhysicsEngine\03. Component\PHIRigidComponent\PHIRigidDynamicComponent</Filter>
    </ClInclude>
    <ClInclude Include="Terminal.h">
      <Filter>Modules\Interfaces\Network\Terminal</Filter>
    </ClInclude>
    <ClInclude Include="Network.h">
      <Filter>Modules\Interfaces\Network</Filter>
    </ClInclude>
    <ClInclude Include="PacketFilter.h">
      <Filter>Modules\Interfaces\Network\PacketFIlter</Filter>
    </ClInclude>
    <ClInclude Include="Synchronize.h">
      <Filter>Components\Synchronize</Filter>
    </ClInclude>
    <ClInclude Include="ServerNetworkManager.h">
      <Filter>Modules\Difinition\Network\Manager</Filter>
    </ClInclude>
    <ClInclude Include="..\Packet\Connect.pb.h">
      <Filter>Modules\Difinition\Network\ProtoBuffer</Filter>
    </ClInclude>
    <ClInclude Include="..\Packet\Move.pb.h">
      <Filter>Modules\Difinition\Network\ProtoBuffer</Filter>
    </ClInclude>
    <ClInclude Include="..\Packet\PacketID.h">
      <Filter>Modules\Difinition\Network\ProtoBuffer</Filter>
    </ClInclude>
    <ClInclude Include="..\Packet\Play.pb.h">
      <Filter>Modules\Difinition\Network\ProtoBuffer</Filter>
    </ClInclude>
    <ClInclude Include="..\Packet\ProtoInclude.h">
      <Filter>Modules\Difinition\Network\ProtoBuffer</Filter>
    </ClInclude>
    <ClInclude Include="NetworkManager.h">
      <Filter>Modules\Interfaces\Network\Manager</Filter>
    </ClInclude>
    <ClInclude Include="RigidComponent.h">
      <Filter>Components\RigidComponent</Filter>
    </ClInclude>
    <ClInclude Include="RigidStaticComponent.h">
      <Filter>Components\RigidComponent\RigidStaticComponent</Filter>
    </ClInclude>
    <ClInclude Include="RigidDynamicComponent.h">
      <Filter>Components\RigidComponent\RigidDynamicComponent</Filter>
    </ClInclude>
    <ClInclude Include="RigidKinematicComponent.h">
      <Filter>Components\RigidComponent\RigidKinematicComponent</Filter>
    </ClInclude>
    <ClInclude Include="Size.h">
      <Filter>Math\Size</Filter>
    </ClInclude>
    <ClInclude Include="Load.h">
      <Filter>Modules\Interfaces\Load</Filter>
    </ClInclude>
    <ClInclude Include="LoadManager.h">
      <Filter>Modules\Interfaces\Load\Manager</Filter>
    </ClInclude>
    <ClInclude Include="DSHLoadManager.h">
      <Filter>Modules\Difinition\DSHLoad\Manager</Filter>
    </ClInclude>
    <ClInclude Include="ConfigData.h">
      <Filter>Modules\Interfaces\Load\ConfigData\ConfigData</Filter>
    </ClInclude>
    <ClInclude Include="Content.h">
      <Filter>Modules\Interfaces\Content</Filter>
    </ClInclude>
    <ClInclude Include="ContentManager.h">
      <Filter>Modules\Interfaces\Content\Manager</Filter>
    </ClInclude>
    <ClInclude Include="DSHContentManager.h">
      <Filter>Modules\Difinition\DSHContent\Manager</Filter>
    </ClInclude>
    <ClInclude Include="SafeFinalize.h">
      <Filter>Utilities\SafeFinalize</Filter>
    </ClInclude>
    <ClInclude Include="ContentFactory.h">
      <Filter>Modules\Interfaces\Content\Factories\Content</Filter>
    </ClInclude>
    <ClInclude Include="WorldFactory.h">
      <Filter>Modules\Interfaces\Content\Factories\WorldFactory</Filter>
    </ClInclude>
    <ClInclude Include="ComponentFactory.h">
      <Filter>Modules\Interfaces\Content\Factories\ComponentFactory</Filter>
    </ClInclude>
    <ClInclude Include="ObjectFactory.h">
      <Filter>Modules\Interfaces\Content\Factories\ObjectFactory</Filter>
    </ClInclude>
    <ClInclude Include="Factories.h">
      <Filter>Modules\Interfaces\Content\Factories</Filter>
    </ClInclude>
    <ClInclude Include="PHICollision.h">
      <Filter>Modules\Difinition\PhysicsEngine\04. Collision</Filter>
    </ClInclude>
    <ClInclude Include="PhysicsObjectExample.h">
      <Filter>Object\Example</Filter>
    </ClInclude>
    <ClInclude Include="PhysicsSceneExample.h">
      <Filter>Object\Example</Filter>
    </ClInclude>
    <ClInclude Include="FiniteStateMachine.h">
      <Filter>Components\FiniteStateMachine</Filter>
    </ClInclude>
    <ClInclude Include="State.h">
      <Filter>Components\FiniteStateMachine</Filter>
    </ClInclude>
    <ClInclude Include="PhysicsControllerComponent.h">
      <Filter>Modules\Interfaces\Physics\07. Controller</Filter>
    </ClInclude>
    <ClInclude Include="PHIControllerComponent.h">
      <Filter>Modules\Difinition\PhysicsEngine\05. Controller</Filter>
    </ClInclude>
    <ClInclude Include="PhysicsChractorControllerExample.h">
      <Filter>Object\Example</Filter>
    </ClInclude>
    <ClInclude Include="ChractorController.h">
      <Filter>Components\ChractorController</Filter>
    </ClInclude>
    <ClInclude Include="PHICoordinateConvert.h">
      <Filter>Modules\Difinition\PhysicsEngine\99. Utils</Filter>
    </ClInclude>
    <ClInclude Include="LoggerManager.h">
      <Filter>Modules\Interfaces\Logger\Manager</Filter>
    </ClInclude>
    <ClInclude Include="DSHLoggerManager.h">
      <Filter>Modules\Difinition\DSHLogger\Manager</Filter>
    </ClInclude>
    <ClInclude Include="Logger.h">
      <Filter>Modules\Interfaces\Logger</Filter>
    </ClInclude>
    <ClInclude Include="LogLevel.h">
      <Filter>Modules\Interfaces\Logger\LogLevel</Filter>
    </ClInclude>
    <ClInclude Include="SkyBox.h">
      <Filter>Components\Mesh</Filter>
    </ClInclude>
    <ClInclude Include="FixedArm.h">
      <Filter>Components\FixedArm</Filter>
    </ClInclude>
    <ClInclude Include="BitFlag.h">
      <Filter>Components\BitFlag</Filter>
    </ClInclude>
    <ClInclude Include="GameState.h">
      <Filter>Modules\Interfaces\GameState</Filter>
    </ClInclude>
    <ClInclude Include="GameStateManager.h">
      <Filter>Modules\Interfaces\GameState\Manager</Filter>
    </ClInclude>
    <ClInclude Include="UGameStateManager.h">
      <Filter>Modules\Difinition\UGameState\Manager</Filter>
    </ClInclude>
    <ClInclude Include="Audio.h">
      <Filter>Modules\Interfaces\Audio</Filter>
    </ClInclude>
    <ClInclude Include="AudioManager.h">
      <Filter>Modules\Interfaces\Audio\Manager</Filter>
    </ClInclude>
    <ClInclude Include="DSHAudioManager.h">
      <Filter>Modules\Difinition\DSHAudio\Manager</Filter>
    </ClInclude>
    <ClInclude Include="EffectSoundComponent.h">
      <Filter>Components\Sound\EffectSound</Filter>
    </ClInclude>
    <ClInclude Include="SoundComponent.h">
      <Filter>Components\Sound</Filter>
    </ClInclude>
    <ClInclude Include="BackgroundMusicComponent.h">
      <Filter>Components\Sound\BackgroundMusicComponent</Filter>
    </ClInclude>
    <ClInclude Include="Effect3DSoundComponent.h">
      <Filter>Components\Sound\Effect3DSound</Filter>
    </ClInclude>
    <ClInclude Include="ListenerComponent.h">
      <Filter>Components\Listener</Filter>
    </ClInclude>
    <ClInclude Include="Canvas.h">
      <Filter>Canvas</Filter>
    </ClInclude>
    <ClInclude Include="UserInterface.h">
      <Filter>UserInterfaces\UserInterface</Filter>
    </ClInclude>
    <ClInclude Include="Rect.h">
      <Filter>Math\Rect</Filter>
    </ClInclude>
    <ClInclude Include="LTRB.h">
      <Filter>Math\LTRB</Filter>
    </ClInclude>
    <ClInclude Include="UserInterfaces.h">
      <Filter>UserInterfaces</Filter>
    </ClInclude>
    <ClInclude Include="AnchorPanel.h">
      <Filter>UserInterfaces\Panels\Anchor</Filter>
    </ClInclude>
    <ClInclude Include="ButtonWrapper.h">
      <Filter>UserInterfaces\Wrappers\Button</Filter>
    </ClInclude>
    <ClInclude Include="Wrapper.h">
      <Filter>UserInterfaces\Wrappers\Wrapper</Filter>
    </ClInclude>
    <ClInclude Include="Wrappers.h">
      <Filter>UserInterfaces\Wrappers</Filter>
    </ClInclude>
    <ClInclude Include="Panels.h">
      <Filter>UserInterfaces\Panels</Filter>
    </ClInclude>
    <ClInclude Include="ImageWrapper.h">
      <Filter>UserInterfaces\Wrappers\Image</Filter>
    </ClInclude>
    <ClInclude Include="Elements.h">
      <Filter>UserInterfaces\Elements</Filter>
    </ClInclude>
    <ClInclude Include="TextElement.h">
      <Filter>UserInterfaces\Elements\Text</Filter>
    </ClInclude>
    <ClInclude Include="Sprite.h">
      <Filter>Components\Sprite</Filter>
    </ClInclude>
    <ClInclude Include="CameraRail.h">
      <Filter>Object\CameraRail</Filter>
    </ClInclude>
    <ClInclude Include="LineWave.h">
      <Filter>Components\LineWave</Filter>
    </ClInclude>
    <ClInclude Include="ShadowCamera.h">
      <Filter>Components\Camera</Filter>
    </ClInclude>
    <ClInclude Include="OverlayPanel.h">
      <Filter>UserInterfaces\Panels\Overlay</Filter>
    </ClInclude>
  </ItemGroup>
  <ItemGroup>
    <ClCompile Include="pch.cpp">
      <Filter>Source Files</Filter>
    </ClCompile>
    <ClCompile Include="Application.cpp">
      <Filter>Application</Filter>
    </ClCompile>
    <ClCompile Include="ThrowIfFailed.cpp">
      <Filter>Utilities\ThrowIfFailed</Filter>
    </ClCompile>
    <ClCompile Include="SafeRelease.cpp">
      <Filter>Utilities\SafeRelease</Filter>
    </ClCompile>
    <ClCompile Include="Camera.cpp">
      <Filter>Components\Camera</Filter>
    </ClCompile>
    <ClCompile Include="Component.cpp">
      <Filter>Components\Component</Filter>
    </ClCompile>
    <ClCompile Include="SafeDelete.cpp">
      <Filter>Utilities\SafeDelete</Filter>
    </ClCompile>
    <ClCompile Include="World.cpp">
      <Filter>World</Filter>
    </ClCompile>
    <ClCompile Include="Object.cpp">
      <Filter>Object</Filter>
    </ClCompile>
    <ClCompile Include="Movement.cpp">
      <Filter>Components\Movement</Filter>
    </ClCompile>
    <ClCompile Include="Vector3.cpp">
      <Filter>Math\Vector3</Filter>
    </ClCompile>
    <ClCompile Include="InputManager.cpp">
      <Filter>Modules\Interfaces\Input\Manager</Filter>
    </ClCompile>
    <ClCompile Include="DSHInputManager.cpp">
      <Filter>Modules\Difinition\DSHInput\Manager</Filter>
    </ClCompile>
    <ClCompile Include="Mouse.cpp">
      <Filter>Modules\Interfaces\Input\Device\Mouse</Filter>
    </ClCompile>
    <ClCompile Include="Keyboard.cpp">
      <Filter>Modules\Interfaces\Input\Device\Keyboard</Filter>
    </ClCompile>
    <ClCompile Include="Controller.cpp">
      <Filter>Modules\Interfaces\Input\Device\Controller</Filter>
    </ClCompile>
    <ClCompile Include="Vector2.cpp">
      <Filter>Math\Vector2</Filter>
    </ClCompile>
    <ClCompile Include="Point.cpp">
      <Filter>Math\Point</Filter>
    </ClCompile>
    <ClCompile Include="DSHMouse.cpp">
      <Filter>Modules\Difinition\DSHInput\Device\Mouse</Filter>
    </ClCompile>
    <ClCompile Include="MappingContext.cpp">
      <Filter>Modules\Interfaces\Input\MappingContext</Filter>
    </ClCompile>
    <ClCompile Include="DSHMappingContext.cpp">
      <Filter>Modules\Difinition\DSHInput\MappingContext</Filter>
    </ClCompile>
    <ClCompile Include="Action.cpp">
      <Filter>Modules\Interfaces\Input\Action</Filter>
    </ClCompile>
    <ClCompile Include="DSHAction.cpp">
      <Filter>Modules\Difinition\DSHInput\Action</Filter>
    </ClCompile>
    <ClCompile Include="DSHKeyboard.cpp">
      <Filter>Modules\Difinition\DSHInput\Device\Keyboard</Filter>
    </ClCompile>
    <ClCompile Include="DSHController.cpp">
      <Filter>Modules\Difinition\DSHInput\Device\Controller</Filter>
    </ClCompile>
    <ClCompile Include="Negative.cpp">
      <Filter>Modules\Interfaces\Input\Modifiers\Negative</Filter>
    </ClCompile>
    <ClCompile Include="SwizzleAxis.cpp">
      <Filter>Modules\Interfaces\Input\Modifiers\SwizzleAxis</Filter>
    </ClCompile>
    <ClCompile Include="DSHNegative.cpp">
      <Filter>Modules\Difinition\DSHInput\Modifiers\Negative</Filter>
    </ClCompile>
    <ClCompile Include="DSHSwizzleAxis.cpp">
      <Filter>Modules\Difinition\DSHInput\Modifiers\SwizzleAxis</Filter>
    </ClCompile>
    <ClCompile Include="ITrigger.cpp">
      <Filter>Modules\Interfaces\Input\Triggers\Trigger</Filter>
    </ClCompile>
    <ClCompile Include="Modifier.cpp">
      <Filter>Modules\Interfaces\Input\Modifiers\Modifier</Filter>
    </ClCompile>
    <ClCompile Include="Value.cpp">
      <Filter>Modules\Interfaces\Input\Value</Filter>
    </ClCompile>
    <ClCompile Include="Down.cpp">
      <Filter>Modules\Interfaces\Input\Triggers\Down</Filter>
    </ClCompile>
    <ClCompile Include="DSHDown.cpp">
      <Filter>Modules\Difinition\DSHInput\Triggers\Down</Filter>
    </ClCompile>
    <ClCompile Include="InputComponent.cpp">
      <Filter>Modules\Interfaces\Input\Components\Component</Filter>
    </ClCompile>
    <ClCompile Include="InputButtonComponent.cpp">
      <Filter>Modules\Interfaces\Input\Components\ButtonComponent</Filter>
    </ClCompile>
    <ClCompile Include="InputAxisComponent.cpp">
      <Filter>Modules\Interfaces\Input\Components\AxisComponent</Filter>
    </ClCompile>
    <ClCompile Include="DSHInputButtonComponent.cpp">
      <Filter>Modules\Difinition\DSHInput\Components\ButtonComponent</Filter>
    </ClCompile>
    <ClCompile Include="DSHInputAxisComponent.cpp">
      <Filter>Modules\Difinition\DSHInput\Components\AxisComponent</Filter>
    </ClCompile>
    <ClCompile Include="Transform.cpp">
      <Filter>Transform</Filter>
    </ClCompile>
    <ClCompile Include="Quaternion.cpp">
      <Filter>Math\Quaternion</Filter>
    </ClCompile>
    <ClCompile Include="TimeManager.cpp">
      <Filter>Modules\Interfaces\Time\Manager</Filter>
    </ClCompile>
    <ClCompile Include="DSHTimeManager.cpp">
      <Filter>Modules\Difinition\DSHTime\Manager</Filter>
    </ClCompile>
    <ClCompile Include="GraphicsManager.cpp">
      <Filter>Modules\Interfaces\Graphics\Manager</Filter>
    </ClCompile>
    <ClCompile Include="GEGraphicsManager.cpp">
      <Filter>Modules\Difinition\GE\Manager</Filter>
    </ClCompile>
    <ClCompile Include="GraphicsCamera.cpp">
      <Filter>Modules\Interfaces\Graphics\Camera</Filter>
    </ClCompile>
    <ClCompile Include="GEGraphicsCamera.cpp">
      <Filter>Modules\Difinition\GE\Camera</Filter>
    </ClCompile>
    <ClCompile Include="WindowManager.cpp">
      <Filter>Modules\Interfaces\Window\Manager</Filter>
    </ClCompile>
    <ClCompile Include="DSHWindowManager.cpp">
      <Filter>Modules\Difinition\DSHWindow\Manager</Filter>
    </ClCompile>
    <ClCompile Include="Mesh.cpp">
      <Filter>Components\Mesh</Filter>
    </ClCompile>
    <ClCompile Include="SkeletalMesh.cpp">
      <Filter>Components\Mesh</Filter>
    </ClCompile>
    <ClCompile Include="StaticMesh.cpp">
      <Filter>Components\Mesh</Filter>
    </ClCompile>
    <ClCompile Include="Animator.cpp">
      <Filter>Components\Animator</Filter>
    </ClCompile>
    <ClCompile Include="Light.cpp">
      <Filter>Components\Light</Filter>
    </ClCompile>
    <ClCompile Include="GraphicsComponent.cpp">
      <Filter>Components\Component</Filter>
    </ClCompile>
    <ClCompile Include="DotTween.cpp">
      <Filter>Math\EasingFunction</Filter>
    </ClCompile>
    <ClCompile Include="EasingFunction.cpp">
      <Filter>Math\EasingFunction</Filter>
    </ClCompile>
    <ClCompile Include="PhysicsManager.cpp">
      <Filter>Modules\Interfaces\Physics\00. Manager</Filter>
    </ClCompile>
    <ClCompile Include="PHIManager.cpp">
      <Filter>Modules\Difinition\PhysicsEngine\00. Manager</Filter>
    </ClCompile>
    <ClCompile Include="PhysicsScene.cpp">
      <Filter>Modules\Interfaces\Physics\01. Scene</Filter>
    </ClCompile>
    <ClCompile Include="PHIScene.cpp">
      <Filter>Modules\Difinition\PhysicsEngine\01. Scene</Filter>
    </ClCompile>
    <ClCompile Include="PhysicsObject.cpp">
      <Filter>Modules\Interfaces\Physics\02. Object</Filter>
    </ClCompile>
    <ClCompile Include="PHIObject.cpp">
      <Filter>Modules\Difinition\PhysicsEngine\02. Object</Filter>
    </ClCompile>
    <ClCompile Include="PhysicsComponent.cpp">
      <Filter>Modules\Interfaces\Physics\06. Component</Filter>
    </ClCompile>
    <ClCompile Include="PHIRigidComponent.cpp">
      <Filter>Modules\Difinition\PhysicsEngine\03. Component\PHIRigidComponent</Filter>
    </ClCompile>
    <ClCompile Include="Vector4.cpp">
      <Filter>Math\Vector4</Filter>
    </ClCompile>
    <ClCompile Include="PHIKinematicObject.cpp">
      <Filter>Modules\Difinition\PhysicsEngine\02. Object\PHIKinematicObject</Filter>
    </ClCompile>
    <ClCompile Include="PHIDynamicObject.cpp">
      <Filter>Modules\Difinition\PhysicsEngine\02. Object\PHIDynamicObject</Filter>
    </ClCompile>
    <ClCompile Include="PHIStaticObject.cpp">
      <Filter>Modules\Difinition\PhysicsEngine\02. Object\PHIStaticObject</Filter>
    </ClCompile>
    <ClCompile Include="PhysicsUtils.cpp">
      <Filter>Modules\Interfaces\Physics\99. Utils</Filter>
    </ClCompile>
    <ClCompile Include="PhysicsRigidComponent.cpp">
      <Filter>Modules\Interfaces\Physics\06. Component\RigidComponent</Filter>
    </ClCompile>
    <ClCompile Include="PhysicsShape.cpp">
      <Filter>Modules\Interfaces\Physics\03. Shape</Filter>
    </ClCompile>
    <ClCompile Include="Matrix.cpp">
      <Filter>Math\Matrix</Filter>
    </ClCompile>
    <ClCompile Include="PhysicsGeometry.cpp">
      <Filter>Modules\Interfaces\Physics\04. Geometry</Filter>
    </ClCompile>
    <ClCompile Include="PhysicsMaterial.cpp">
      <Filter>Modules\Interfaces\Physics\05. Material</Filter>
    </ClCompile>
    <ClCompile Include="PhysicsCollision.cpp">
      <Filter>Modules\Interfaces\Physics\98. Collision</Filter>
    </ClCompile>
    <ClCompile Include="Text.cpp">
      <Filter>Components\Text</Filter>
    </ClCompile>
    <ClCompile Include="PhysicsRigidStaticComponent.cpp">
      <Filter>Modules\Interfaces\Physics\06. Component\RigidComponent\PhysicsRigidStaticComponent</Filter>
    </ClCompile>
    <ClCompile Include="PhysicsRigidKinematicComponent.cpp">
      <Filter>Modules\Interfaces\Physics\06. Component\RigidComponent\PhysicsRigidSKinematicComponent</Filter>
    </ClCompile>
    <ClCompile Include="PhysicsRigidDynamicComponent.cpp">
      <Filter>Modules\Interfaces\Physics\06. Component\RigidComponent\PhysicsRigidDynamicComponent</Filter>
    </ClCompile>
    <ClCompile Include="PHIRigidStaticComponent.cpp">
      <Filter>Modules\Difinition\PhysicsEngine\03. Component\PHIRigidComponent\PHIRigidStaticComponent</Filter>
    </ClCompile>
    <ClCompile Include="PHIRigidKinematicComponent.cpp">
      <Filter>Modules\Difinition\PhysicsEngine\03. Component\PHIRigidComponent\PHIRigidKinematicComponent</Filter>
    </ClCompile>
    <ClCompile Include="PHIRigidDynamicComponent.cpp">
      <Filter>Modules\Difinition\PhysicsEngine\03. Component\PHIRigidComponent\PHIRigidDynamicComponent</Filter>
    </ClCompile>
    <ClCompile Include="Terminal.cpp">
      <Filter>Modules\Interfaces\Network\Terminal</Filter>
    </ClCompile>
    <ClCompile Include="PacketFilter.cpp">
      <Filter>Modules\Interfaces\Network\PacketFIlter</Filter>
    </ClCompile>
    <ClCompile Include="Synchronize.cpp">
      <Filter>Components\Synchronize</Filter>
    </ClCompile>
    <ClCompile Include="ServerNetworkManager.cpp">
      <Filter>Modules\Difinition\Network\Manager</Filter>
    </ClCompile>
    <ClCompile Include="..\Packet\Connect.pb.cc">
      <Filter>Modules\Difinition\Network\ProtoBuffer</Filter>
    </ClCompile>
    <ClCompile Include="..\Packet\Move.pb.cc">
      <Filter>Modules\Difinition\Network\ProtoBuffer</Filter>
    </ClCompile>
    <ClCompile Include="..\Packet\Play.pb.cc">
      <Filter>Modules\Difinition\Network\ProtoBuffer</Filter>
    </ClCompile>
    <ClCompile Include="NetworkManager.cpp">
      <Filter>Modules\Interfaces\Network\Manager</Filter>
    </ClCompile>
    <ClCompile Include="RigidComponent.cpp">
      <Filter>Components\RigidComponent</Filter>
    </ClCompile>
    <ClCompile Include="RigidStaticComponent.cpp">
      <Filter>Components\RigidComponent\RigidStaticComponent</Filter>
    </ClCompile>
    <ClCompile Include="RigidDynamicComponent.cpp">
      <Filter>Components\RigidComponent\RigidDynamicComponent</Filter>
    </ClCompile>
    <ClCompile Include="RigidKinematicComponent.cpp">
      <Filter>Components\RigidComponent\RigidKinematicComponent</Filter>
    </ClCompile>
    <ClCompile Include="Size.cpp">
      <Filter>Math\Size</Filter>
    </ClCompile>
    <ClCompile Include="LoadManager.cpp">
      <Filter>Modules\Interfaces\Load\Manager</Filter>
    </ClCompile>
    <ClCompile Include="DSHLoadManager.cpp">
      <Filter>Modules\Difinition\DSHLoad\Manager</Filter>
    </ClCompile>
    <ClCompile Include="ConfigData.cpp">
      <Filter>Modules\Interfaces\Load\ConfigData\ConfigData</Filter>
    </ClCompile>
    <ClCompile Include="ContentManager.cpp">
      <Filter>Modules\Interfaces\Content\Manager</Filter>
    </ClCompile>
    <ClCompile Include="DSHContentManager.cpp">
      <Filter>Modules\Difinition\DSHContent\Manager</Filter>
    </ClCompile>
    <ClCompile Include="SafeFinalize.cpp">
      <Filter>Utilities\SafeFinalize</Filter>
    </ClCompile>
    <ClCompile Include="ContentFactory.cpp">
      <Filter>Modules\Interfaces\Content\Factories\Content</Filter>
    </ClCompile>
    <ClCompile Include="WorldFactory.cpp">
      <Filter>Modules\Interfaces\Content\Factories\WorldFactory</Filter>
    </ClCompile>
    <ClCompile Include="ComponentFactory.cpp">
      <Filter>Modules\Interfaces\Content\Factories\ComponentFactory</Filter>
    </ClCompile>
    <ClCompile Include="ObjectFactory.cpp">
      <Filter>Modules\Interfaces\Content\Factories\ObjectFactory</Filter>
    </ClCompile>
    <ClCompile Include="PHICollision.cpp">
      <Filter>Modules\Difinition\PhysicsEngine\04. Collision</Filter>
    </ClCompile>
    <ClCompile Include="PhysicsObjectExample.cpp">
      <Filter>Object\Example</Filter>
    </ClCompile>
    <ClCompile Include="PhysicsSceneExample.cpp">
      <Filter>Object\Example</Filter>
    </ClCompile>
    <ClCompile Include="FiniteStateMachine.cpp">
      <Filter>Components\FiniteStateMachine</Filter>
    </ClCompile>
    <ClCompile Include="PhysicsControllerComponent.cpp">
      <Filter>Modules\Interfaces\Physics\07. Controller</Filter>
    </ClCompile>
    <ClCompile Include="PHIControllerComponent.cpp">
      <Filter>Modules\Difinition\PhysicsEngine\05. Controller</Filter>
    </ClCompile>
    <ClCompile Include="PhysicsChractorControllerExample.cpp">
      <Filter>Object\Example</Filter>
    </ClCompile>
    <ClCompile Include="ChractorController.cpp">
      <Filter>Components\ChractorController</Filter>
    </ClCompile>
    <ClCompile Include="PHICoordinateConvert.cpp">
      <Filter>Modules\Difinition\PhysicsEngine\99. Utils</Filter>
    </ClCompile>
    <ClCompile Include="LoggerManager.cpp">
      <Filter>Modules\Interfaces\Logger\Manager</Filter>
    </ClCompile>
    <ClCompile Include="DSHLoggerManager.cpp">
      <Filter>Modules\Difinition\DSHLogger\Manager</Filter>
    </ClCompile>
    <ClCompile Include="LogLevel.cpp">
      <Filter>Modules\Interfaces\Logger\LogLevel</Filter>
    </ClCompile>
    <ClCompile Include="SkyBox.cpp">
      <Filter>Components\Mesh</Filter>
    </ClCompile>
    <ClCompile Include="State.cpp">
      <Filter>Source Files</Filter>
    </ClCompile>
    <ClCompile Include="FixedArm.cpp">
      <Filter>Components\FixedArm</Filter>
    </ClCompile>
    <ClCompile Include="GameStateManager.cpp">
      <Filter>Modules\Interfaces\GameState\Manager</Filter>
    </ClCompile>
    <ClCompile Include="UGameStateManager.cpp">
      <Filter>Modules\Difinition\UGameState\Manager</Filter>
    </ClCompile>
    <ClCompile Include="AudioManager.cpp">
      <Filter>Modules\Interfaces\Audio\Manager</Filter>
    </ClCompile>
    <ClCompile Include="DSHAudioManager.cpp">
      <Filter>Modules\Difinition\DSHAudio\Manager</Filter>
    </ClCompile>
    <ClCompile Include="SoundComponent.cpp">
      <Filter>Components\Sound</Filter>
    </ClCompile>
    <ClCompile Include="EffectSoundComponent.cpp">
      <Filter>Components\Sound\EffectSound</Filter>
    </ClCompile>
    <ClCompile Include="BackgroundMusicComponent.cpp">
      <Filter>Components\Sound\BackgroundMusicComponent</Filter>
    </ClCompile>
    <ClCompile Include="Effect3DSoundComponent.cpp">
      <Filter>Components\Sound\Effect3DSound</Filter>
    </ClCompile>
    <ClCompile Include="ListenerComponent.cpp">
      <Filter>Components\Listener</Filter>
    </ClCompile>
    <ClCompile Include="Canvas.cpp">
      <Filter>Canvas</Filter>
    </ClCompile>
    <ClCompile Include="UserInterface.cpp">
      <Filter>UserInterfaces\UserInterface</Filter>
    </ClCompile>
    <ClCompile Include="Rect.cpp">
      <Filter>Math\Rect</Filter>
    </ClCompile>
    <ClCompile Include="LTRB.cpp">
      <Filter>Math\LTRB</Filter>
    </ClCompile>
    <ClCompile Include="AnchorPanel.cpp">
      <Filter>UserInterfaces\Panels\Anchor</Filter>
    </ClCompile>
    <ClCompile Include="ButtonWrapper.cpp">
      <Filter>UserInterfaces\Wrappers\Button</Filter>
    </ClCompile>
    <ClCompile Include="Wrapper.cpp">
      <Filter>UserInterfaces\Wrappers\Wrapper</Filter>
    </ClCompile>
    <ClCompile Include="ImageWrapper.cpp">
      <Filter>UserInterfaces\Wrappers\Image</Filter>
    </ClCompile>
    <ClCompile Include="TextElement.cpp">
      <Filter>UserInterfaces\Elements\Text</Filter>
    </ClCompile>
    <ClCompile Include="Sprite.cpp">
      <Filter>Components\Sprite</Filter>
    </ClCompile>
    <ClCompile Include="LineWave.cpp">
      <Filter>Components\LineWave</Filter>
    </ClCompile>
    <ClCompile Include="CameraRail.cpp">
      <Filter>Object\CameraRail</Filter>
    </ClCompile>
    <ClCompile Include="ShadowCamera.cpp">
      <Filter>Components\Camera</Filter>
    </ClCompile>
    <ClCompile Include="OverlayPanel.cpp">
      <Filter>UserInterfaces\Panels\Overlay</Filter>
    </ClCompile>
  </ItemGroup>
</Project>