<?xml version="1.0" encoding="utf-8"?>
<Project ToolsVersion="4.0" xmlns="http://schemas.microsoft.com/developer/msbuild/2003">
  <ItemGroup>
    <Filter Include="Source Files">
      <UniqueIdentifier>{4FC737F1-C7A5-4376-A066-2A32D752A2FF}</UniqueIdentifier>
      <Extensions>cpp;c;cc;cxx;c++;cppm;ixx;def;odl;idl;hpj;bat;asm;asmx</Extensions>
    </Filter>
    <Filter Include="Header Files">
      <UniqueIdentifier>{93995380-89BD-4b04-88EB-625FBE52EBFB}</UniqueIdentifier>
      <Extensions>h;hh;hpp;hxx;h++;hm;inl;inc;ipp;xsd</Extensions>
    </Filter>
    <Filter Include="Resource Files">
      <UniqueIdentifier>{67DA6AB6-F800-4c08-8B7A-83BB121AAD01}</UniqueIdentifier>
      <Extensions>rc;ico;cur;bmp;dlg;rc2;rct;bin;rgs;gif;jpg;jpeg;jpe;resx;tiff;tif;png;wav;mfcribbon-ms</Extensions>
    </Filter>
    <Filter Include="Application">
      <UniqueIdentifier>{c855e523-3161-42c0-955c-50fbf3c360f0}</UniqueIdentifier>
    </Filter>
    <Filter Include="Managers">
      <UniqueIdentifier>{0f944a06-e1fd-4a39-8097-2034c735033e}</UniqueIdentifier>
    </Filter>
    <Filter Include="Utilities">
      <UniqueIdentifier>{13f161ca-4ca1-4384-b66b-40e9d61c1c33}</UniqueIdentifier>
    </Filter>
    <Filter Include="Utilities\ThrowIfFailed">
      <UniqueIdentifier>{63cc1b09-2710-400c-a588-91ce28759365}</UniqueIdentifier>
    </Filter>
    <Filter Include="Utilities\SafeRelease">
      <UniqueIdentifier>{96f21709-eb70-4c66-a1b3-5407a8d2c999}</UniqueIdentifier>
    </Filter>
    <Filter Include="Managers\Window">
      <UniqueIdentifier>{4ff711f7-3588-46be-9fd8-ed6c646031bd}</UniqueIdentifier>
    </Filter>
    <Filter Include="Managers\Time">
      <UniqueIdentifier>{2260b6a3-4a8e-4980-b6e6-0cd6bca2d2a5}</UniqueIdentifier>
    </Filter>
    <Filter Include="Drive">
      <UniqueIdentifier>{a59af320-cec3-4a8b-99de-639155a7dba7}</UniqueIdentifier>
    </Filter>
    <Filter Include="Managers\Graphics">
      <UniqueIdentifier>{e7e9d4f0-7ec4-4842-834c-6722e4d8b7d1}</UniqueIdentifier>
    </Filter>
    <Filter Include="Components">
      <UniqueIdentifier>{33eaf238-cd64-4fab-9f84-f1d33c3e4383}</UniqueIdentifier>
    </Filter>
    <Filter Include="Components\Camera">
      <UniqueIdentifier>{48d7ee23-6083-412f-b54e-c7f2ceebfcc7}</UniqueIdentifier>
    </Filter>
    <Filter Include="Components\Component">
      <UniqueIdentifier>{2879682f-2ca0-40c3-9f7b-22969bda13cd}</UniqueIdentifier>
    </Filter>
    <Filter Include="Utilities\SafeDelete">
      <UniqueIdentifier>{d421d934-68d8-4523-bb09-4bd505587523}</UniqueIdentifier>
    </Filter>
    <Filter Include="World">
      <UniqueIdentifier>{9e69749f-db37-43f2-be97-15387440c312}</UniqueIdentifier>
    </Filter>
    <Filter Include="Object">
      <UniqueIdentifier>{195b9425-0ddc-480f-b797-1ba33127b668}</UniqueIdentifier>
    </Filter>
    <Filter Include="Components\Movement">
      <UniqueIdentifier>{b8175831-f9c7-4a28-b81e-8ab48a576edf}</UniqueIdentifier>
    </Filter>
    <Filter Include="Math">
      <UniqueIdentifier>{f585c9c3-5d6f-4a89-ae17-7f026dc1fc71}</UniqueIdentifier>
    </Filter>
    <Filter Include="Math\Vector3">
      <UniqueIdentifier>{67aea730-d2e1-44c9-8263-3e8691b07b99}</UniqueIdentifier>
    </Filter>
    <Filter Include="Managers\Graphics\GraphicsSystems">
      <UniqueIdentifier>{717ca8ed-8146-4412-b24a-7d8e42064855}</UniqueIdentifier>
    </Filter>
    <Filter Include="Managers\Graphics\GraphicsSystems\CameraSystem">
      <UniqueIdentifier>{eb326403-5bf4-4176-85c3-35dcb7696a05}</UniqueIdentifier>
    </Filter>
    <Filter Include="Managers\Graphics\GraphicsSystems\RenderSystem">
      <UniqueIdentifier>{f02b1442-1d89-4f1d-be11-712307bb7f3a}</UniqueIdentifier>
    </Filter>
    <Filter Include="Managers\Graphics\GraphicsSystems\AnimationSystem">
      <UniqueIdentifier>{84ddbec6-2c5a-4b2b-86db-854e841f5027}</UniqueIdentifier>
    </Filter>
    <Filter Include="Managers\Graphics\GraphicsSystems\LightSystem">
      <UniqueIdentifier>{c4e61119-7cc1-44a9-9e84-2a1e0c5e12da}</UniqueIdentifier>
    </Filter>
    <Filter Include="Time">
      <UniqueIdentifier>{75d6bf8d-aba9-47d4-b0ac-01cf524a1747}</UniqueIdentifier>
    </Filter>
    <Filter Include="Time\Manager">
      <UniqueIdentifier>{55e6d5eb-e66e-4ee6-89d2-c61862575e95}</UniqueIdentifier>
    </Filter>
    <Filter Include="Math\Vector2">
      <UniqueIdentifier>{38af7acd-3236-44f2-818d-0c80e5bb04fa}</UniqueIdentifier>
    </Filter>
    <Filter Include="Math\Point">
      <UniqueIdentifier>{b7196d43-bb85-4a82-91c7-8e29364ebacf}</UniqueIdentifier>
    </Filter>
    <Filter Include="Module">
      <UniqueIdentifier>{036d0d1d-49b5-4a86-83a1-cd50470ee9ee}</UniqueIdentifier>
    </Filter>
    <Filter Include="Module\Interfaces">
      <UniqueIdentifier>{8fcf34d2-7723-4c4d-b44f-375e94eb543e}</UniqueIdentifier>
    </Filter>
    <Filter Include="Module\Interfaces\Input">
      <UniqueIdentifier>{3b85251b-3e6b-4e61-b916-c5cafbf023f3}</UniqueIdentifier>
    </Filter>
    <Filter Include="Module\Interfaces\Input\Manager">
      <UniqueIdentifier>{ed2c4218-632d-4d89-bc88-cba45459d845}</UniqueIdentifier>
    </Filter>
    <Filter Include="Module\Interfaces\Input\Device">
      <UniqueIdentifier>{2c473296-5b7a-4255-a08d-270556924326}</UniqueIdentifier>
    </Filter>
    <Filter Include="Module\Interfaces\Input\Device\Mouse">
      <UniqueIdentifier>{6f26a27e-1ef0-416f-ad9e-f00fd227a657}</UniqueIdentifier>
    </Filter>
    <Filter Include="Module\Interfaces\Input\Device\Keyboard">
      <UniqueIdentifier>{14adb43c-7cc8-4318-9645-e2010df67ccd}</UniqueIdentifier>
    </Filter>
    <Filter Include="Module\Interfaces\Input\Device\Controller">
      <UniqueIdentifier>{739ea4db-ad6d-4940-a75b-489a0f79ba9e}</UniqueIdentifier>
    </Filter>
    <Filter Include="Module\Interfaces\Input\MappingContext">
      <UniqueIdentifier>{1d392dfa-c464-4743-b4bf-8bbb3fca3653}</UniqueIdentifier>
    </Filter>
    <Filter Include="Module\Interfaces\Input\Action">
      <UniqueIdentifier>{88ef10c1-442c-4099-83ff-b20526c7c549}</UniqueIdentifier>
    </Filter>
    <Filter Include="Module\Difinition">
      <UniqueIdentifier>{28a1c057-7a4a-410c-a92a-8087aa0f6759}</UniqueIdentifier>
    </Filter>
    <Filter Include="Module\Difinition\DSHInput">
      <UniqueIdentifier>{7d0c8699-2252-4a3c-b640-bf7030e50252}</UniqueIdentifier>
    </Filter>
    <Filter Include="Module\Difinition\DSHInput\Manager">
      <UniqueIdentifier>{687af270-3e5e-457b-aff4-56cb405c86e4}</UniqueIdentifier>
    </Filter>
    <Filter Include="Module\Difinition\DSHInput\Device">
      <UniqueIdentifier>{3d9c8509-85b3-4269-8fd3-29324f4126f4}</UniqueIdentifier>
    </Filter>
    <Filter Include="Module\Difinition\DSHInput\Device\Mouse">
      <UniqueIdentifier>{560016b8-64e8-4060-8bb5-11417c8c8dc9}</UniqueIdentifier>
    </Filter>
    <Filter Include="Module\Difinition\DSHInput\MappingContext">
      <UniqueIdentifier>{51565dc8-035a-4670-b3ea-d6db994f59c1}</UniqueIdentifier>
    </Filter>
    <Filter Include="Module\Difinition\DSHInput\Action">
      <UniqueIdentifier>{a42f79da-756b-446d-b6a1-4bd81181b270}</UniqueIdentifier>
    </Filter>
    <Filter Include="Module\Interfaces\Input\Modifiers">
      <UniqueIdentifier>{814f9779-bca4-40a9-b838-131b1dd98cf2}</UniqueIdentifier>
    </Filter>
    <Filter Include="Module\Difinition\DSHInput\Device\Keyboard">
      <UniqueIdentifier>{9972c59a-1d7c-4c00-9d04-474794e6d89f}</UniqueIdentifier>
    </Filter>
    <Filter Include="Module\Difinition\DSHInput\Device\Controller">
      <UniqueIdentifier>{ac0b5feb-859e-4ea7-9b98-81602ef923af}</UniqueIdentifier>
    </Filter>
    <Filter Include="Module\Interfaces\Input\Modifiers\Negative">
      <UniqueIdentifier>{1caa9886-7f9c-46ff-a7ec-5a854e2fe680}</UniqueIdentifier>
    </Filter>
    <Filter Include="Module\Interfaces\Input\Modifiers\SwizzleAxis">
      <UniqueIdentifier>{cd171d57-344f-4616-a09b-828a74402b66}</UniqueIdentifier>
    </Filter>
    <Filter Include="Module\Difinition\DSHInput\Modifiers">
      <UniqueIdentifier>{55af80c0-ccad-4f86-b36e-4723418ae4b3}</UniqueIdentifier>
    </Filter>
    <Filter Include="Module\Difinition\DSHInput\Modifiers\Negative">
      <UniqueIdentifier>{d469cbb8-11d4-483e-94c0-b04904d7f007}</UniqueIdentifier>
    </Filter>
    <Filter Include="Module\Difinition\DSHInput\Modifiers\SwizzleAxis">
      <UniqueIdentifier>{a3db8306-6ec0-4141-a529-67d0fac614e7}</UniqueIdentifier>
    </Filter>
  </ItemGroup>
  <ItemGroup>
    <ClInclude Include="framework.h">
      <Filter>Header Files</Filter>
    </ClInclude>
    <ClInclude Include="pch.h">
      <Filter>Header Files</Filter>
    </ClInclude>
    <ClInclude Include="Application.h">
      <Filter>Application</Filter>
    </ClInclude>
    <ClInclude Include="Time.h">
      <Filter>Managers\Time</Filter>
    </ClInclude>
    <ClInclude Include="Managers.h">
      <Filter>Managers</Filter>
    </ClInclude>
    <ClInclude Include="Utilities.h">
      <Filter>Utilities</Filter>
    </ClInclude>
    <ClInclude Include="ThrowIfFailed.h">
      <Filter>Utilities\ThrowIfFailed</Filter>
    </ClInclude>
    <ClInclude Include="SafeRelease.h">
      <Filter>Utilities\SafeRelease</Filter>
    </ClInclude>
    <ClInclude Include="Window.h">
      <Filter>Managers\Window</Filter>
    </ClInclude>
    <ClInclude Include="Drive.h">
      <Filter>Drive</Filter>
    </ClInclude>
    <ClInclude Include="Graphics.h">
      <Filter>Managers\Graphics</Filter>
    </ClInclude>
    <ClInclude Include="Components.h">
      <Filter>Components</Filter>
    </ClInclude>
    <ClInclude Include="Requires.h">
      <Filter>Header Files</Filter>
    </ClInclude>
    <ClInclude Include="CameraComponent.h">
      <Filter>Components\Camera</Filter>
    </ClInclude>
    <ClInclude Include="targetver.h">
      <Filter>Header Files</Filter>
    </ClInclude>
    <ClInclude Include="Engine.h">
      <Filter>Header Files</Filter>
    </ClInclude>
    <ClInclude Include="Component.h">
      <Filter>Components\Component</Filter>
    </ClInclude>
    <ClInclude Include="SafeDelete.h">
      <Filter>Utilities\SafeDelete</Filter>
    </ClInclude>
    <ClInclude Include="World.h">
      <Filter>World</Filter>
    </ClInclude>
    <ClInclude Include="Object.h">
      <Filter>Object</Filter>
    </ClInclude>
    <ClInclude Include="MovementComponent.h">
      <Filter>Components\Movement</Filter>
    </ClInclude>
    <ClInclude Include="Math.h">
      <Filter>Math</Filter>
    </ClInclude>
    <ClInclude Include="Vector3.h">
      <Filter>Math\Vector3</Filter>
    </ClInclude>
    <ClInclude Include="GraphicsSystems.h">
      <Filter>Managers\Graphics\GraphicsSystems</Filter>
    </ClInclude>
    <ClInclude Include="CameraSystem.h">
      <Filter>Managers\Graphics\GraphicsSystems\CameraSystem</Filter>
    </ClInclude>
    <ClInclude Include="RenderSystem.h">
      <Filter>Managers\Graphics\GraphicsSystems\RenderSystem</Filter>
    </ClInclude>
    <ClInclude Include="AnimationSystem.h">
      <Filter>Managers\Graphics\GraphicsSystems\AnimationSystem</Filter>
    </ClInclude>
    <ClInclude Include="LightSystem.h">
      <Filter>Managers\Graphics\GraphicsSystems\LightSystem</Filter>
    </ClInclude>
    <ClInclude Include="InputManager.h">
      <Filter>Module\Interfaces\Input\Manager</Filter>
    </ClInclude>
    <ClInclude Include="DSHInputManager.h">
      <Filter>Module\Difinition\DSHInput\Manager</Filter>
    </ClInclude>
    <ClInclude Include="Mouse.h">
      <Filter>Module\Interfaces\Input\Device\Mouse</Filter>
    </ClInclude>
    <ClInclude Include="Keyboard.h">
      <Filter>Module\Interfaces\Input\Device\Keyboard</Filter>
    </ClInclude>
    <ClInclude Include="Controller.h">
      <Filter>Module\Interfaces\Input\Device\Controller</Filter>
    </ClInclude>
    <ClInclude Include="Vector2.h">
      <Filter>Math\Vector2</Filter>
    </ClInclude>
    <ClInclude Include="Point.h">
      <Filter>Math\Point</Filter>
    </ClInclude>
    <ClInclude Include="DSHMouse.h">
      <Filter>Module\Difinition\DSHInput\Device\Mouse</Filter>
    </ClInclude>
    <ClInclude Include="Input.h">
      <Filter>Module\Interfaces\Input</Filter>
    </ClInclude>
    <ClInclude Include="MappingContext.h">
      <Filter>Module\Interfaces\Input\MappingContext</Filter>
    </ClInclude>
    <ClInclude Include="DSHMappingContext.h">
      <Filter>Module\Difinition\DSHInput\MappingContext</Filter>
    </ClInclude>
    <ClInclude Include="Action.h">
      <Filter>Module\Interfaces\Input\Action</Filter>
    </ClInclude>
    <ClInclude Include="DSHAction.h">
      <Filter>Module\Difinition\DSHInput\Action</Filter>
    </ClInclude>
    <ClInclude Include="DSHKeyboard.h">
      <Filter>Module\Difinition\DSHInput\Device\Keyboard</Filter>
    </ClInclude>
    <ClInclude Include="DSHController.h">
      <Filter>Module\Difinition\DSHInput\Device\Controller</Filter>
    </ClInclude>
    <ClInclude Include="Negative.h">
      <Filter>Module\Interfaces\Input\Modifiers\Negative</Filter>
    </ClInclude>
    <ClInclude Include="SwizzleAxis.h">
      <Filter>Module\Interfaces\Input\Modifiers\SwizzleAxis</Filter>
    </ClInclude>
    <ClInclude Include="DSHNegative.h">
      <Filter>Module\Difinition\DSHInput\Modifiers\Negative</Filter>
    </ClInclude>
    <ClInclude Include="DSHSwizzleAxis.h">
      <Filter>Module\Difinition\DSHInput\Modifiers\SwizzleAxis</Filter>
    </ClInclude>
  </ItemGroup>
  <ItemGroup>
    <ClCompile Include="pch.cpp">
      <Filter>Source Files</Filter>
    </ClCompile>
    <ClCompile Include="Application.cpp">
      <Filter>Application</Filter>
    </ClCompile>
    <ClCompile Include="Time.cpp">
      <Filter>Managers\Time</Filter>
    </ClCompile>
    <ClCompile Include="ThrowIfFailed.cpp">
      <Filter>Utilities\ThrowIfFailed</Filter>
    </ClCompile>
    <ClCompile Include="SafeRelease.cpp">
      <Filter>Utilities\SafeRelease</Filter>
    </ClCompile>
    <ClCompile Include="Window.cpp">
      <Filter>Managers\Window</Filter>
    </ClCompile>
    <ClCompile Include="Drive.cpp">
      <Filter>Drive</Filter>
    </ClCompile>
    <ClCompile Include="Graphics.cpp">
      <Filter>Managers\Graphics</Filter>
    </ClCompile>
    <ClCompile Include="CameraComponent.cpp">
      <Filter>Components\Camera</Filter>
    </ClCompile>
    <ClCompile Include="Component.cpp">
      <Filter>Components\Component</Filter>
    </ClCompile>
    <ClCompile Include="SafeDelete.cpp">
      <Filter>Utilities\SafeDelete</Filter>
    </ClCompile>
    <ClCompile Include="World.cpp">
      <Filter>World</Filter>
    </ClCompile>
    <ClCompile Include="Object.cpp">
      <Filter>Object</Filter>
    </ClCompile>
    <ClCompile Include="MovementComponent.cpp">
      <Filter>Components\Movement</Filter>
    </ClCompile>
    <ClCompile Include="Vector3.cpp">
      <Filter>Math\Vector3</Filter>
    </ClCompile>
    <ClCompile Include="CameraSystem.cpp">
      <Filter>Managers\Graphics\GraphicsSystems\CameraSystem</Filter>
    </ClCompile>
    <ClCompile Include="RenderSystem.cpp">
      <Filter>Managers\Graphics\GraphicsSystems\RenderSystem</Filter>
    </ClCompile>
    <ClCompile Include="AnimationSystem.cpp">
      <Filter>Managers\Graphics\GraphicsSystems\AnimationSystem</Filter>
    </ClCompile>
    <ClCompile Include="LightSystem.cpp">
      <Filter>Managers\Graphics\GraphicsSystems\LightSystem</Filter>
    </ClCompile>
    <ClCompile Include="InputManager.cpp">
      <Filter>Module\Interfaces\Input\Manager</Filter>
    </ClCompile>
    <ClCompile Include="DSHInputManager.cpp">
      <Filter>Module\Difinition\DSHInput\Manager</Filter>
    </ClCompile>
    <ClCompile Include="Mouse.cpp">
      <Filter>Module\Interfaces\Input\Device\Mouse</Filter>
    </ClCompile>
    <ClCompile Include="Keyboard.cpp">
      <Filter>Module\Interfaces\Input\Device\Keyboard</Filter>
    </ClCompile>
    <ClCompile Include="Controller.cpp">
      <Filter>Module\Interfaces\Input\Device\Controller</Filter>
    </ClCompile>
    <ClCompile Include="Vector2.cpp">
      <Filter>Math\Vector2</Filter>
    </ClCompile>
    <ClCompile Include="Point.cpp">
      <Filter>Math\Point</Filter>
    </ClCompile>
    <ClCompile Include="DSHMouse.cpp">
      <Filter>Module\Difinition\DSHInput\Device\Mouse</Filter>
    </ClCompile>
    <ClCompile Include="MappingContext.cpp">
      <Filter>Module\Interfaces\Input\MappingContext</Filter>
    </ClCompile>
    <ClCompile Include="DSHMappingContext.cpp">
      <Filter>Module\Difinition\DSHInput\MappingContext</Filter>
    </ClCompile>
    <ClCompile Include="Action.cpp">
      <Filter>Module\Interfaces\Input\Action</Filter>
    </ClCompile>
    <ClCompile Include="DSHAction.cpp">
      <Filter>Module\Difinition\DSHInput\Action</Filter>
    </ClCompile>
    <ClCompile Include="DSHKeyboard.cpp">
      <Filter>Module\Difinition\DSHInput\Device\Keyboard</Filter>
    </ClCompile>
    <ClCompile Include="DSHController.cpp">
      <Filter>Module\Difinition\DSHInput\Device\Controller</Filter>
    </ClCompile>
    <ClCompile Include="Negative.cpp">
      <Filter>Module\Interfaces\Input\Modifiers\Negative</Filter>
    </ClCompile>
    <ClCompile Include="SwizzleAxis.cpp">
      <Filter>Module\Interfaces\Input\Modifiers\SwizzleAxis</Filter>
    </ClCompile>
    <ClCompile Include="DSHNegative.cpp">
      <Filter>Module\Difinition\DSHInput\Modifiers\Negative</Filter>
    </ClCompile>
    <ClCompile Include="DSHSwizzleAxis.cpp">
      <Filter>Module\Difinition\DSHInput\Modifiers\SwizzleAxis</Filter>
    </ClCompile>
  </ItemGroup>
</Project>