<?xml version="1.0" encoding="utf-8"?>
<Project ToolsVersion="4.0" xmlns="http://schemas.microsoft.com/developer/msbuild/2003">
  <ItemGroup>
    <Filter Include="99. Default">
      <UniqueIdentifier>{4238f899-4eee-419a-bf01-78b0629c5667}</UniqueIdentifier>
    </Filter>
    <Filter Include="98. Headers">
      <UniqueIdentifier>{149b9ded-b31c-4012-b6e3-c36cdc93da90}</UniqueIdentifier>
    </Filter>
    <Filter Include="97. Include">
      <UniqueIdentifier>{a97467d8-ace0-4b6e-b8d2-a1ecd54cb9be}</UniqueIdentifier>
    </Filter>
    <Filter Include="02. RenderSystem">
      <UniqueIdentifier>{8bd32af2-020e-45ea-9d95-035b7fc115e7}</UniqueIdentifier>
    </Filter>
    <Filter Include="00. Common">
      <UniqueIdentifier>{ed86c7df-e1c0-416d-b39a-0b35da2de27a}</UniqueIdentifier>
    </Filter>
    <Filter Include="00. Common\Resource">
      <UniqueIdentifier>{dd472181-681e-423e-85a9-c96434e14f76}</UniqueIdentifier>
    </Filter>
    <Filter Include="00. Common\HLSL">
      <UniqueIdentifier>{7efb06ed-5dde-4cdc-b2c3-0e6f795ee570}</UniqueIdentifier>
    </Filter>
    <Filter Include="00. Common\HLSL\Header">
      <UniqueIdentifier>{ea6ee8e9-f402-40e1-9c25-f8f901b648ba}</UniqueIdentifier>
    </Filter>
    <Filter Include="00. Common\Component">
      <UniqueIdentifier>{5d6c853b-c105-4ec3-bb26-9f27063b1eae}</UniqueIdentifier>
    </Filter>
    <Filter Include="00. Common\Component\TextRenderer">
      <UniqueIdentifier>{43a8aa8b-456e-4eff-92ed-6395273846ba}</UniqueIdentifier>
    </Filter>
    <Filter Include="00. Common\Animation">
      <UniqueIdentifier>{412a0143-8a1a-4e6b-b512-df0f86b0c49b}</UniqueIdentifier>
    </Filter>
    <Filter Include="00. Common\Camera">
      <UniqueIdentifier>{0d968dc4-1eb0-4d4e-a8b4-f7e77012d5cc}</UniqueIdentifier>
    </Filter>
    <Filter Include="03. CameraSystem">
      <UniqueIdentifier>{bf13769a-48d0-4b3a-9cad-f4c321ebceb9}</UniqueIdentifier>
    </Filter>
    <Filter Include="00. Common\Component\MeshRenderer">
      <UniqueIdentifier>{2d9f8dd6-d317-4764-8129-02fb67ac2a1c}</UniqueIdentifier>
    </Filter>
    <Filter Include="00. Common\Component\MeshRenderer\SkeletalMeshRenderer">
      <UniqueIdentifier>{6bbb7f61-63a1-4bf9-8c05-7683aa1a904d}</UniqueIdentifier>
    </Filter>
    <Filter Include="00. Common\Component\MeshRenderer\StaticMeshRenderer">
      <UniqueIdentifier>{55c5b4e8-6b84-4b28-8011-98bb75b9b589}</UniqueIdentifier>
    </Filter>
    <Filter Include="04. AnimationSystem">
      <UniqueIdentifier>{b125c9a4-7689-44f2-9439-3e00a4d875c6}</UniqueIdentifier>
    </Filter>
    <Filter Include="96. Interface">
      <UniqueIdentifier>{729f1efa-344a-4d1d-a4d0-c17421630528}</UniqueIdentifier>
    </Filter>
    <Filter Include="00. Common\Light">
      <UniqueIdentifier>{b8feb7a1-40b2-4f7b-bca0-e690394a696e}</UniqueIdentifier>
    </Filter>
    <Filter Include="05. LightSystem">
      <UniqueIdentifier>{07c49d48-bf1e-4e61-be46-c9c0d5f041c7}</UniqueIdentifier>
    </Filter>
    <Filter Include="00. Common\Component\MeshRenderer\SkyBoxRenderer">
      <UniqueIdentifier>{5820d84d-1c5d-40d2-9c01-372172dc0d16}</UniqueIdentifier>
    </Filter>
    <Filter Include="06. TextSystem">
      <UniqueIdentifier>{84452d4d-a99f-4f04-8dca-a6427ff75383}</UniqueIdentifier>
    </Filter>
    <Filter Include="97. Include\PostProcess">
      <UniqueIdentifier>{12fa7664-4d53-486e-807c-dd8230d3a515}</UniqueIdentifier>
    </Filter>
    <Filter Include="00. Common\HLSL\PostProcess">
      <UniqueIdentifier>{1ee5dd36-7358-4c3f-9efc-b15363fe9739}</UniqueIdentifier>
    </Filter>
    <Filter Include="97. Include\System">
      <UniqueIdentifier>{634cdd85-721e-463d-b34d-49add38af7a3}</UniqueIdentifier>
    </Filter>
    <Filter Include="97. Include\Component">
      <UniqueIdentifier>{1e093da5-e765-4630-bf6b-87d3ac4dece3}</UniqueIdentifier>
    </Filter>
    <Filter Include="00. Common\Component\SpriteRenderer">
      <UniqueIdentifier>{63c70b7b-ae4b-47a7-bcd3-d41ea03398a0}</UniqueIdentifier>
    </Filter>
    <Filter Include="08. SpriteSystem">
      <UniqueIdentifier>{c81014eb-b1f6-4e6b-b98e-6a58c9287662}</UniqueIdentifier>
    </Filter>
    <Filter Include="00. Common\Component\LineRenderer">
      <UniqueIdentifier>{db816617-141e-4c76-968d-12ae1067d37a}</UniqueIdentifier>
    </Filter>
    <Filter Include="10. DX11">
      <UniqueIdentifier>{e00d1ba6-2849-4aa0-937c-0c8d932e05d0}</UniqueIdentifier>
    </Filter>
    <Filter Include="10. DX11\GraphicDevice">
      <UniqueIdentifier>{b4e9ee8b-8dcd-4a07-aa01-f114f6e302a6}</UniqueIdentifier>
    </Filter>
    <Filter Include="10. DX11\Material">
      <UniqueIdentifier>{87c9ec11-9f10-4fdb-b4d6-554f4d51f4af}</UniqueIdentifier>
    </Filter>
    <Filter Include="10. DX11\Model">
      <UniqueIdentifier>{4e789fe2-c7f1-43f5-b050-186ac80e7d82}</UniqueIdentifier>
    </Filter>
    <Filter Include="10. DX11\Renderer">
      <UniqueIdentifier>{4ef321ac-047e-4551-92e2-cd3474c0f4d5}</UniqueIdentifier>
    </Filter>
    <Filter Include="10. DX11\PostProcess">
      <UniqueIdentifier>{81c423dd-6dbe-46b1-badc-6d72bb7067f9}</UniqueIdentifier>
    </Filter>
    <Filter Include="10. DX11\PostProcess\Bloom">
      <UniqueIdentifier>{a3dc2c18-d957-4325-b10a-65fc36cc6f39}</UniqueIdentifier>
    </Filter>
    <Filter Include="10. DX11\PostProcess\Blur">
      <UniqueIdentifier>{78b43ac8-c765-4a4f-9e00-94ddcd535e15}</UniqueIdentifier>
    </Filter>
    <Filter Include="10. DX11\PostProcess\ToneMapping">
      <UniqueIdentifier>{5a6cd6fd-84e0-4c9a-a3ff-3c0d8972d573}</UniqueIdentifier>
    </Filter>
    <Filter Include="10. DX11\PostProcess\AO">
      <UniqueIdentifier>{2aa33c74-f5e4-493d-83a3-a62f51b332b3}</UniqueIdentifier>
    </Filter>
    <Filter Include="10. DX11\PostProcess\AO\SSAO">
      <UniqueIdentifier>{94a2fc78-d00d-401f-ae87-2b2b1c3ff935}</UniqueIdentifier>
    </Filter>
    <Filter Include="10. DX11\RenderGroup">
      <UniqueIdentifier>{407d8039-9b8c-421d-a89c-72ade9a15f68}</UniqueIdentifier>
    </Filter>
    <Filter Include="10. DX11\Sampler">
      <UniqueIdentifier>{c7a24301-1fd8-478c-872d-136c718fdc29}</UniqueIdentifier>
    </Filter>
    <Filter Include="10. DX11\Shader">
      <UniqueIdentifier>{5ffc0473-2bb0-4fba-bca7-72343ed5ab9e}</UniqueIdentifier>
    </Filter>
    <Filter Include="10. DX11\Texture">
      <UniqueIdentifier>{14b40006-92ad-4ecc-89da-a56214a2c8d2}</UniqueIdentifier>
    </Filter>
    <Filter Include="10. DX11\Buffer">
      <UniqueIdentifier>{0c83dd08-4049-421c-9c06-367520f74a19}</UniqueIdentifier>
    </Filter>
    <Filter Include="10. DX11\Buffer\VI">
      <UniqueIdentifier>{5a7e4169-c567-492a-b5c6-8c43e40a95e0}</UniqueIdentifier>
    </Filter>
    <Filter Include="10. DX11\Buffer\Constant">
      <UniqueIdentifier>{d2b48711-398f-4654-95f4-81ee5ff7a949}</UniqueIdentifier>
    </Filter>
    <Filter Include="10. DX11\Buffer\Mesh">
      <UniqueIdentifier>{36d8fd6b-306c-462f-a356-c96741a18887}</UniqueIdentifier>
    </Filter>
    <Filter Include="10. DX11\Buffer\Structured">
      <UniqueIdentifier>{8a967d44-ee8e-4274-9a85-e6fa740bbd0f}</UniqueIdentifier>
    </Filter>
    <Filter Include="10. DX11\ViewManagement">
      <UniqueIdentifier>{4bed19cb-be4d-46bf-8313-f57e0264eda2}</UniqueIdentifier>
    </Filter>
    <Filter Include="10. DX11\Quad">
      <UniqueIdentifier>{d1fd7023-e6af-4d49-9683-d3fc452b9aa7}</UniqueIdentifier>
    </Filter>
    <Filter Include="10. DX11\Sprite">
      <UniqueIdentifier>{ee73300a-fe68-45d5-825e-4ece28c34345}</UniqueIdentifier>
    </Filter>
    <Filter Include="11. DX12">
      <UniqueIdentifier>{5a5dabd3-0269-4509-8a53-a8d5a3da4026}</UniqueIdentifier>
    </Filter>
    <Filter Include="09. UnlitSystem">
      <UniqueIdentifier>{f09ab3a4-1c50-4998-abe8-d5cb4a6cf5a0}</UniqueIdentifier>
    </Filter>
    <Filter Include="00. Common\Component\UnlitRenderer">
      <UniqueIdentifier>{16fecbb7-d85a-43ee-a4ac-d6c0f7aa5b80}</UniqueIdentifier>
    </Filter>
    <Filter Include="07. PostProcessSystem">
      <UniqueIdentifier>{a4723174-8b6b-44ef-9d38-c30f6294bcb7}</UniqueIdentifier>
    </Filter>
    <Filter Include="01. GraphicsSystem">
      <UniqueIdentifier>{6e749ea3-408b-4e80-907f-75c2c39cf652}</UniqueIdentifier>
    </Filter>
    <Filter Include="10. DX11\StateManagement">
      <UniqueIdentifier>{a3095088-6698-485f-a4ad-4e4430befa8b}</UniqueIdentifier>
    </Filter>
  </ItemGroup>
  <ItemGroup>
    <ClInclude Include="Animation.h">
      <Filter>00. Common\Animation</Filter>
    </ClInclude>
    <ClInclude Include="Animator.h">
      <Filter>00. Common\Animation</Filter>
    </ClInclude>
    <ClInclude Include="ConstantBuffer.h">
      <Filter>10. DX11\Buffer\Constant</Filter>
    </ClInclude>
    <ClInclude Include="VIBuffer.h">
      <Filter>10. DX11\Buffer\VI</Filter>
    </ClInclude>
    <ClInclude Include="PixelShader.h">
      <Filter>10. DX11\Shader</Filter>
    </ClInclude>
    <ClInclude Include="Shader.h">
      <Filter>10. DX11\Shader</Filter>
    </ClInclude>
    <ClInclude Include="VertexShader.h">
      <Filter>10. DX11\Shader</Filter>
    </ClInclude>
    <ClInclude Include="Material.h">
      <Filter>10. DX11\Material</Filter>
    </ClInclude>
    <ClInclude Include="Sampler.h">
      <Filter>10. DX11\Sampler</Filter>
    </ClInclude>
    <ClInclude Include="Resource.h">
      <Filter>00. Common\Resource</Filter>
    </ClInclude>
    <ClInclude Include="ResourceManager.h">
      <Filter>00. Common\Resource</Filter>
    </ClInclude>
    <ClInclude Include="Model.h">
      <Filter>10. DX11\Model</Filter>
    </ClInclude>
    <ClInclude Include="Skeleton.h">
      <Filter>10. DX11\Model</Filter>
    </ClInclude>
    <ClInclude Include="Texture.h">
      <Filter>10. DX11\Texture</Filter>
    </ClInclude>
    <ClInclude Include="TextRenderer.h">
      <Filter>00. Common\Component\TextRenderer</Filter>
    </ClInclude>
    <ClInclude Include="framework.h">
      <Filter>99. Default</Filter>
    </ClInclude>
    <ClInclude Include="pch.h">
      <Filter>99. Default</Filter>
    </ClInclude>
    <ClInclude Include="Enum.h">
      <Filter>98. Headers</Filter>
    </ClInclude>
    <ClInclude Include="Extern.h">
      <Filter>98. Headers</Filter>
    </ClInclude>
    <ClInclude Include="Struct.h">
      <Filter>98. Headers</Filter>
    </ClInclude>
    <ClInclude Include="Camera.h">
      <Filter>00. Common\Camera</Filter>
    </ClInclude>
    <ClInclude Include="Base.h">
      <Filter>98. Headers</Filter>
    </ClInclude>
    <ClInclude Include="CameraSystem.h">
      <Filter>03. CameraSystem</Filter>
    </ClInclude>
    <ClInclude Include="Mesh.h">
      <Filter>10. DX11\Buffer\Mesh</Filter>
    </ClInclude>
    <ClInclude Include="GraphicDevice.h">
      <Filter>10. DX11\GraphicDevice</Filter>
    </ClInclude>
    <ClInclude Include="Filter.h">
      <Filter>10. DX11\PostProcess</Filter>
    </ClInclude>
    <ClInclude Include="RenderGroup.h">
      <Filter>10. DX11\RenderGroup</Filter>
    </ClInclude>
    <ClInclude Include="GraphicsSystem.h">
      <Filter>01. GraphicsSystem</Filter>
    </ClInclude>
    <ClInclude Include="RenderSystem.h">
      <Filter>02. RenderSystem</Filter>
    </ClInclude>
    <ClInclude Include="SkeletalMeshRenderer.h">
      <Filter>00. Common\Component\MeshRenderer\SkeletalMeshRenderer</Filter>
    </ClInclude>
    <ClInclude Include="StaticMeshRenderer.h">
      <Filter>00. Common\Component\MeshRenderer\StaticMeshRenderer</Filter>
    </ClInclude>
    <ClInclude Include="MeshRenderer.h">
      <Filter>00. Common\Component\MeshRenderer</Filter>
    </ClInclude>
    <ClInclude Include="SkeletalMesh.h">
      <Filter>10. DX11\Model</Filter>
    </ClInclude>
    <ClInclude Include="StaticMesh.h">
      <Filter>10. DX11\Model</Filter>
    </ClInclude>
    <ClInclude Include="ViewManagement.h">
      <Filter>10. DX11\ViewManagement</Filter>
    </ClInclude>
    <ClInclude Include="AnimationSystem.h">
      <Filter>04. AnimationSystem</Filter>
    </ClInclude>
    <ClInclude Include="IRenderer.h">
      <Filter>96. Interface</Filter>
    </ClInclude>
    <ClInclude Include="DX11Renderer.h">
      <Filter>10. DX11\Renderer</Filter>
    </ClInclude>
    <ClInclude Include="StructuredBuffer.h">
      <Filter>10. DX11\Buffer\Structured</Filter>
    </ClInclude>
    <ClInclude Include="LightSystem.h">
      <Filter>05. LightSystem</Filter>
    </ClInclude>
    <ClInclude Include="Light.h">
      <Filter>00. Common\Light</Filter>
    </ClInclude>
    <ClInclude Include="Utility.h">
      <Filter>98. Headers</Filter>
    </ClInclude>
    <ClInclude Include="includes\IBash.h">
      <Filter>97. Include</Filter>
    </ClInclude>
    <ClInclude Include="SkyBoxRenderer.h">
      <Filter>00. Common\Component\MeshRenderer\SkyBoxRenderer</Filter>
    </ClInclude>
    <ClInclude Include="TextSystem.h">
      <Filter>06. TextSystem</Filter>
    </ClInclude>
    <ClInclude Include="Component.h">
      <Filter>00. Common\Component</Filter>
    </ClInclude>
    <ClInclude Include="Bloom.h">
      <Filter>10. DX11\PostProcess\Bloom</Filter>
    </ClInclude>
    <ClInclude Include="includes\IBloom.h">
      <Filter>97. Include\PostProcess</Filter>
    </ClInclude>
    <ClInclude Include="PostProcessSystem.h">
      <Filter>07. PostProcessSystem</Filter>
    </ClInclude>
    <ClInclude Include="includes\IFilter.h">
      <Filter>97. Include\PostProcess</Filter>
    </ClInclude>
    <ClInclude Include="includes\IAnimationSystem.h">
      <Filter>97. Include\System</Filter>
    </ClInclude>
    <ClInclude Include="includes\ICameraSystem.h">
      <Filter>97. Include\System</Filter>
    </ClInclude>
    <ClInclude Include="includes\IGraphicsSystem.h">
      <Filter>97. Include\System</Filter>
    </ClInclude>
    <ClInclude Include="includes\ILightSystem.h">
      <Filter>97. Include\System</Filter>
    </ClInclude>
    <ClInclude Include="includes\IRenderSystem.h">
      <Filter>97. Include\System</Filter>
    </ClInclude>
    <ClInclude Include="includes\ITextSystem.h">
      <Filter>97. Include\System</Filter>
    </ClInclude>
    <ClInclude Include="includes\IPostProcessSystem.h">
      <Filter>97. Include\System</Filter>
    </ClInclude>
    <ClInclude Include="includes\IAnimator.h">
      <Filter>97. Include\Component</Filter>
    </ClInclude>
    <ClInclude Include="includes\ICamera.h">
      <Filter>97. Include\Component</Filter>
    </ClInclude>
    <ClInclude Include="includes\ILight.h">
      <Filter>97. Include\Component</Filter>
    </ClInclude>
    <ClInclude Include="includes\IMeshRenderer.h">
      <Filter>97. Include\Component</Filter>
    </ClInclude>
    <ClInclude Include="includes\ISkyBoxRenderer.h">
      <Filter>97. Include\Component</Filter>
    </ClInclude>
    <ClInclude Include="includes\ITextRenderer.h">
      <Filter>97. Include\Component</Filter>
    </ClInclude>
    <ClInclude Include="Quad.h">
      <Filter>10. DX11\Quad</Filter>
    </ClInclude>
    <ClInclude Include="includes\Matrix4x4.h">
      <Filter>97. Include\Component</Filter>
    </ClInclude>
    <ClInclude Include="Blur.h">
      <Filter>10. DX11\PostProcess\Blur</Filter>
    </ClInclude>
    <ClInclude Include="includes\IBlur.h">
      <Filter>97. Include\PostProcess</Filter>
    </ClInclude>
    <ClInclude Include="SSAO.h">
      <Filter>10. DX11\PostProcess\AO\SSAO</Filter>
    </ClInclude>
    <ClInclude Include="ToneMapping.h">
      <Filter>10. DX11\PostProcess\ToneMapping</Filter>
    </ClInclude>
    <ClInclude Include="AO.h">
      <Filter>10. DX11\PostProcess\AO</Filter>
    </ClInclude>
    <ClInclude Include="LineRenderer.h">
      <Filter>00. Common\Component\LineRenderer</Filter>
    </ClInclude>
    <ClInclude Include="includes\ILineRenderer.h">
      <Filter>97. Include\Component</Filter>
    </ClInclude>
    <ClInclude Include="includes\ISpriteRenderer.h">
      <Filter>97. Include\Component</Filter>
    </ClInclude>
    <ClInclude Include="SpriteRenderer.h">
      <Filter>00. Common\Component\SpriteRenderer</Filter>
    </ClInclude>
    <ClInclude Include="Sprite.h">
      <Filter>10. DX11\Sprite</Filter>
    </ClInclude>
    <ClInclude Include="SpriteSystem.h">
      <Filter>08. SpriteSystem</Filter>
    </ClInclude>
    <ClInclude Include="includes\ISpriteSystem.h">
      <Filter>97. Include\System</Filter>
    </ClInclude>
    <ClInclude Include="includes\GraphicsEngine.h">
      <Filter>97. Include</Filter>
    </ClInclude>
    <ClInclude Include="GeometryShader.h">
      <Filter>10. DX11\Shader</Filter>
    </ClInclude>
    <ClInclude Include="includes\IUnlitRenderer.h">
      <Filter>97. Include\Component</Filter>
    </ClInclude>
    <ClInclude Include="includes\IUnlitSystem.h">
      <Filter>97. Include\System</Filter>
    </ClInclude>
    <ClInclude Include="UnlitSystem.h">
      <Filter>09. UnlitSystem</Filter>
    </ClInclude>
    <ClInclude Include="UnlitRenderer.h">
      <Filter>00. Common\Component\UnlitRenderer</Filter>
    </ClInclude>
    <ClInclude Include="StateManagement.h">
      <Filter>10. DX11\StateManagement</Filter>
    </ClInclude>
  </ItemGroup>
  <ItemGroup>
    <ClCompile Include="Animation.cpp">
      <Filter>00. Common\Animation</Filter>
    </ClCompile>
    <ClCompile Include="Animator.cpp">
      <Filter>00. Common\Animation</Filter>
    </ClCompile>
    <ClCompile Include="Material.cpp">
      <Filter>10. DX11\Material</Filter>
    </ClCompile>
    <ClCompile Include="Model.cpp">
      <Filter>10. DX11\Model</Filter>
    </ClCompile>
    <ClCompile Include="Skeleton.cpp">
      <Filter>10. DX11\Model</Filter>
    </ClCompile>
    <ClCompile Include="VertexShader.cpp">
      <Filter>10. DX11\Shader</Filter>
    </ClCompile>
    <ClCompile Include="PixelShader.cpp">
      <Filter>10. DX11\Shader</Filter>
    </ClCompile>
    <ClCompile Include="Shader.cpp">
      <Filter>10. DX11\Shader</Filter>
    </ClCompile>
    <ClCompile Include="ConstantBuffer.cpp">
      <Filter>10. DX11\Buffer\Constant</Filter>
    </ClCompile>
    <ClCompile Include="VIBuffer.cpp">
      <Filter>10. DX11\Buffer\VI</Filter>
    </ClCompile>
    <ClCompile Include="Sampler.cpp">
      <Filter>10. DX11\Sampler</Filter>
    </ClCompile>
    <ClCompile Include="ResourceManager.cpp">
      <Filter>00. Common\Resource</Filter>
    </ClCompile>
    <ClCompile Include="TextRenderer.cpp">
      <Filter>00. Common\Component\TextRenderer</Filter>
    </ClCompile>
    <ClCompile Include="Texture.cpp">
      <Filter>10. DX11\Texture</Filter>
    </ClCompile>
    <ClCompile Include="dllmain.cpp">
      <Filter>99. Default</Filter>
    </ClCompile>
    <ClCompile Include="pch.cpp">
      <Filter>99. Default</Filter>
    </ClCompile>
    <ClCompile Include="Camera.cpp">
      <Filter>00. Common\Camera</Filter>
    </ClCompile>
    <ClCompile Include="CameraSystem.cpp">
      <Filter>03. CameraSystem</Filter>
    </ClCompile>
    <ClCompile Include="Mesh.cpp">
      <Filter>10. DX11\Buffer\Mesh</Filter>
    </ClCompile>
    <ClCompile Include="GraphicDevice.cpp">
      <Filter>10. DX11\GraphicDevice</Filter>
    </ClCompile>
    <ClCompile Include="Filter.cpp">
      <Filter>10. DX11\PostProcess</Filter>
    </ClCompile>
    <ClCompile Include="RenderGroup.cpp">
      <Filter>10. DX11\RenderGroup</Filter>
    </ClCompile>
    <ClCompile Include="GraphicsSystem.cpp">
      <Filter>01. GraphicsSystem</Filter>
    </ClCompile>
    <ClCompile Include="RenderSystem.cpp">
      <Filter>02. RenderSystem</Filter>
    </ClCompile>
    <ClCompile Include="SkeletalMeshRenderer.cpp">
      <Filter>00. Common\Component\MeshRenderer\SkeletalMeshRenderer</Filter>
    </ClCompile>
    <ClCompile Include="StaticMeshRenderer.cpp">
      <Filter>00. Common\Component\MeshRenderer\StaticMeshRenderer</Filter>
    </ClCompile>
    <ClCompile Include="MeshRenderer.cpp">
      <Filter>00. Common\Component\MeshRenderer</Filter>
    </ClCompile>
    <ClCompile Include="ViewManagement.cpp">
      <Filter>10. DX11\ViewManagement</Filter>
    </ClCompile>
    <ClCompile Include="AnimationSystem.cpp">
      <Filter>04. AnimationSystem</Filter>
    </ClCompile>
    <ClCompile Include="DX11Renderer.cpp">
      <Filter>10. DX11\Renderer</Filter>
    </ClCompile>
    <ClCompile Include="StructuredBuffer.cpp">
      <Filter>10. DX11\Buffer\Structured</Filter>
    </ClCompile>
    <ClCompile Include="LightSystem.cpp">
      <Filter>05. LightSystem</Filter>
    </ClCompile>
    <ClCompile Include="Light.cpp">
      <Filter>00. Common\Light</Filter>
    </ClCompile>
    <ClCompile Include="SkyBoxRenderer.cpp">
      <Filter>00. Common\Component\MeshRenderer\SkyBoxRenderer</Filter>
    </ClCompile>
    <ClCompile Include="TextSystem.cpp">
      <Filter>06. TextSystem</Filter>
    </ClCompile>
    <ClCompile Include="Component.cpp">
      <Filter>00. Common\Component</Filter>
    </ClCompile>
    <ClCompile Include="Bloom.cpp">
      <Filter>10. DX11\PostProcess\Bloom</Filter>
    </ClCompile>
    <ClCompile Include="PostProcessSystem.cpp">
      <Filter>07. PostProcessSystem</Filter>
    </ClCompile>
    <ClCompile Include="Quad.cpp">
      <Filter>10. DX11\Quad</Filter>
    </ClCompile>
    <ClCompile Include="Blur.cpp">
      <Filter>10. DX11\PostProcess\Blur</Filter>
    </ClCompile>
    <ClCompile Include="SSAO.cpp">
      <Filter>10. DX11\PostProcess\AO\SSAO</Filter>
    </ClCompile>
    <ClCompile Include="ToneMapping.cpp">
      <Filter>10. DX11\PostProcess\ToneMapping</Filter>
    </ClCompile>
    <ClCompile Include="LineRenderer.cpp">
      <Filter>00. Common\Component\LineRenderer</Filter>
    </ClCompile>
    <ClCompile Include="SpriteRenderer.cpp">
      <Filter>00. Common\Component\SpriteRenderer</Filter>
    </ClCompile>
    <ClCompile Include="Sprite.cpp">
      <Filter>10. DX11\Sprite</Filter>
    </ClCompile>
    <ClCompile Include="SpriteSystem.cpp">
      <Filter>08. SpriteSystem</Filter>
    </ClCompile>
    <ClCompile Include="GeometryShader.cpp">
      <Filter>10. DX11\Shader</Filter>
    </ClCompile>
    <ClCompile Include="UnlitSystem.cpp">
      <Filter>09. UnlitSystem</Filter>
    </ClCompile>
    <ClCompile Include="UnlitRenderer.cpp">
      <Filter>00. Common\Component\UnlitRenderer</Filter>
    </ClCompile>
    <ClCompile Include="StateManagement.cpp">
      <Filter>10. DX11\StateManagement</Filter>
    </ClCompile>
  </ItemGroup>
  <ItemGroup>
    <None Include="Renderer.def">
      <Filter>99. Default</Filter>
    </None>
    <None Include="..\Shaders\LightData.hlsli">
      <Filter>00. Common\HLSL\Header</Filter>
    </None>
    <None Include="..\Shaders\Constants.hlsli">
      <Filter>00. Common\HLSL\Header</Filter>
    </None>
    <None Include="..\Shaders\ShaderUtilities.hlsli">
      <Filter>00. Common\HLSL\Header</Filter>
    </None>
    <None Include="..\Shaders\Lighting.hlsli">
      <Filter>00. Common\HLSL\Header</Filter>
    </None>
    <None Include="..\Shaders\PostProcess.hlsli">
      <Filter>00. Common\HLSL\Header</Filter>
    </None>
  </ItemGroup>
  <ItemGroup>
    <FxCompile Include="..\Shaders\BlendPS.hlsl">
      <Filter>00. Common\HLSL</Filter>
    </FxCompile>
    <FxCompile Include="..\Shaders\DeferredLightingPS.hlsl">
      <Filter>00. Common\HLSL</Filter>
    </FxCompile>
    <FxCompile Include="..\Shaders\GBufferPS.hlsl">
      <Filter>00. Common\HLSL</Filter>
    </FxCompile>
    <FxCompile Include="..\Shaders\ForwardLightingPS.hlsl">
      <Filter>00. Common\HLSL</Filter>
    </FxCompile>
    <FxCompile Include="..\Shaders\MeshVS.hlsl">
      <Filter>00. Common\HLSL</Filter>
    </FxCompile>
    <FxCompile Include="..\Shaders\QuadVS.hlsl">
      <Filter>00. Common\HLSL</Filter>
    </FxCompile>
    <FxCompile Include="..\Shaders\ShadowVS.hlsl">
      <Filter>00. Common\HLSL</Filter>
    </FxCompile>
    <FxCompile Include="..\Shaders\SkyBoxPS.hlsl">
      <Filter>00. Common\HLSL</Filter>
    </FxCompile>
    <FxCompile Include="..\Shaders\SkyBoxVS.hlsl">
      <Filter>00. Common\HLSL</Filter>
    </FxCompile>
    <FxCompile Include="..\Shaders\GaussianBlurPS.hlsl">
      <Filter>00. Common\HLSL\PostProcess</Filter>
    </FxCompile>
    <FxCompile Include="..\Shaders\SamplingPS.hlsl">
      <Filter>00. Common\HLSL\PostProcess</Filter>
    </FxCompile>
    <FxCompile Include="..\Shaders\BloomCurvePS.hlsl">
      <Filter>00. Common\HLSL\PostProcess</Filter>
    </FxCompile>
    <FxCompile Include="..\Shaders\ToneMappingPS.hlsl">
      <Filter>00. Common\HLSL\PostProcess</Filter>
    </FxCompile>
    <FxCompile Include="..\Shaders\SSAOPS.hlsl">
      <Filter>00. Common\HLSL\PostProcess</Filter>
    </FxCompile>
    <FxCompile Include="..\Shaders\SpritePS.hlsl">
      <Filter>00. Common\HLSL</Filter>
    </FxCompile>
    <FxCompile Include="..\Shaders\SpriteVS.hlsl">
      <Filter>00. Common\HLSL</Filter>
    </FxCompile>
    <FxCompile Include="..\Shaders\LineWavePS.hlsl">
      <Filter>00. Common\HLSL</Filter>
    </FxCompile>
    <FxCompile Include="..\Shaders\LineWaveVS.hlsl">
      <Filter>00. Common\HLSL</Filter>
    </FxCompile>
    <FxCompile Include="..\Shaders\LineWaveGS.hlsl">
      <Filter>00. Common\HLSL</Filter>
    </FxCompile>
  </ItemGroup>
</Project>